<?xml version="1.0" encoding="utf-8"?>
<Project ToolsVersion="4.0" xmlns="http://schemas.microsoft.com/developer/msbuild/2003">
  <ItemGroup>
    <Filter Include="Source Files">
      <UniqueIdentifier>{4FC737F1-C7A5-4376-A066-2A32D752A2FF}</UniqueIdentifier>
      <Extensions>cpp;c;cc;cxx;c++;cppm;ixx;def;odl;idl;hpj;bat;asm;asmx</Extensions>
    </Filter>
    <Filter Include="Header Files">
      <UniqueIdentifier>{93995380-89BD-4b04-88EB-625FBE52EBFB}</UniqueIdentifier>
      <Extensions>h;hh;hpp;hxx;h++;hm;inl;inc;ipp;xsd</Extensions>
    </Filter>
    <Filter Include="Resource Files">
      <UniqueIdentifier>{67DA6AB6-F800-4c08-8B7A-83BB121AAD01}</UniqueIdentifier>
      <Extensions>rc;ico;cur;bmp;dlg;rc2;rct;bin;rgs;gif;jpg;jpeg;jpe;resx;tiff;tif;png;wav;mfcribbon-ms</Extensions>
    </Filter>
  </ItemGroup>
  <ItemGroup>
    <ClInclude Include="ADFOpusSrc\About.h">
      <Filter>Header Files</Filter>
    </ClInclude>
    <ClInclude Include="ADFOpusSrc\ADFOpus.h">
      <Filter>Header Files</Filter>
    </ClInclude>
    <ClInclude Include="ADFOpusSrc\BatchConvert.h">
      <Filter>Header Files</Filter>
    </ClInclude>
    <ClInclude Include="ADFOpusSrc\Bootblock.h">
      <Filter>Header Files</Filter>
    </ClInclude>
    <ClInclude Include="ADFOpusSrc\ChildCommon.h">
      <Filter>Header Files</Filter>
    </ClInclude>
    <ClInclude Include="ADFOpusSrc\fdi.h">
      <Filter>Header Files</Filter>
    </ClInclude>
    <ClInclude Include="ADFOpusSrc\fdi2raw.h">
      <Filter>Header Files</Filter>
    </ClInclude>
    <ClInclude Include="ADFOpusSrc\Init.h">
      <Filter>Header Files</Filter>
    </ClInclude>
    <ClInclude Include="ADFOpusSrc\Install.h">
      <Filter>Header Files</Filter>
    </ClInclude>
    <ClInclude Include="ADFOpusSrc\ListView.h">
      <Filter>Header Files</Filter>
    </ClInclude>
    <ClInclude Include="ADFOpusSrc\New.h">
      <Filter>Header Files</Filter>
    </ClInclude>
    <ClInclude Include="ADFOpusSrc\Options.h">
      <Filter>Header Files</Filter>
    </ClInclude>
    <ClInclude Include="ADFOpusSrc\Pch.h">
      <Filter>Header Files</Filter>
    </ClInclude>
    <ClInclude Include="ADFOpusSrc\Properties.h">
      <Filter>Header Files</Filter>
    </ClInclude>
    <ClInclude Include="ADFOpusSrc\resource.h">
      <Filter>Header Files</Filter>
    </ClInclude>
    <ClInclude Include="ADFOpusSrc\ShellOpen.h">
      <Filter>Header Files</Filter>
    </ClInclude>
    <ClInclude Include="ADFOpusSrc\TextViewer.h">
      <Filter>Header Files</Filter>
    </ClInclude>
    <ClInclude Include="ADFOpusSrc\types.h">
      <Filter>Header Files</Filter>
    </ClInclude>
    <ClInclude Include="ADFOpusSrc\Utils.h">
      <Filter>Header Files</Filter>
    </ClInclude>
    <ClInclude Include="ADFOpusSrc\VolInfo.h">
      <Filter>Header Files</Filter>
    </ClInclude>
    <ClInclude Include="ADFOpusSrc\VolSelect.h">
      <Filter>Header Files</Filter>
    </ClInclude>
    <ClInclude Include="ADFOpusSrc\ADFLib\Lib\adf_bitm.h">
      <Filter>Header Files</Filter>
    </ClInclude>
    <ClInclude Include="ADFOpusSrc\ADFLib\Lib\adf_blk.h">
      <Filter>Header Files</Filter>
    </ClInclude>
    <ClInclude Include="ADFOpusSrc\ADFLib\Lib\adf_cache.h">
      <Filter>Header Files</Filter>
    </ClInclude>
    <ClInclude Include="ADFOpusSrc\ADFLib\Lib\adf_defs.h">
      <Filter>Header Files</Filter>
    </ClInclude>
    <ClInclude Include="ADFOpusSrc\ADFLib\Lib\adf_dir.h">
      <Filter>Header Files</Filter>
    </ClInclude>
    <ClInclude Include="ADFOpusSrc\ADFLib\Lib\adf_disk.h">
      <Filter>Header Files</Filter>
    </ClInclude>
    <ClInclude Include="ADFOpusSrc\ADFLib\Lib\adf_dump.h">
      <Filter>Header Files</Filter>
    </ClInclude>
    <ClInclude Include="ADFOpusSrc\ADFLib\Lib\adf_env.h">
      <Filter>Header Files</Filter>
    </ClInclude>
    <ClInclude Include="ADFOpusSrc\ADFLib\Lib\adf_err.h">
      <Filter>Header Files</Filter>
    </ClInclude>
    <ClInclude Include="ADFOpusSrc\ADFLib\Lib\adf_file.h">
      <Filter>Header Files</Filter>
    </ClInclude>
    <ClInclude Include="ADFOpusSrc\ADFLib\Lib\adf_hd.h">
      <Filter>Header Files</Filter>
    </ClInclude>
    <ClInclude Include="ADFOpusSrc\ADFLib\Lib\adf_link.h">
      <Filter>Header Files</Filter>
    </ClInclude>
    <ClInclude Include="ADFOpusSrc\ADFLib\Lib\adf_raw.h">
      <Filter>Header Files</Filter>
    </ClInclude>
    <ClInclude Include="ADFOpusSrc\ADFLib\Lib\adf_salv.h">
      <Filter>Header Files</Filter>
    </ClInclude>
    <ClInclude Include="ADFOpusSrc\ADFLib\Lib\adf_str.h">
      <Filter>Header Files</Filter>
    </ClInclude>
    <ClInclude Include="ADFOpusSrc\ADFLib\Lib\adf_util.h">
      <Filter>Header Files</Filter>
    </ClInclude>
    <ClInclude Include="ADFOpusSrc\ADFLib\Lib\adflib.h">
      <Filter>Header Files</Filter>
    </ClInclude>
    <ClInclude Include="ADFOpusSrc\ADFLib\Lib\hd_blk.h">
      <Filter>Header Files</Filter>
    </ClInclude>
    <ClInclude Include="ADFOpusSrc\ADFLib\Lib\prefix.h">
      <Filter>Header Files</Filter>
    </ClInclude>
    <ClInclude Include="ADFOpusSrc\ADFLib\Lib\Win32\adf_nativ.h">
      <Filter>Header Files</Filter>
    </ClInclude>
    <ClInclude Include="ADFOpusSrc\ADFLib\Lib\Win32\defendian.h">
      <Filter>Header Files</Filter>
    </ClInclude>
    <ClInclude Include="ADFOpusSrc\ADFLib\Lib\Win32\nt4_dev.h">
      <Filter>Header Files</Filter>
    </ClInclude>
    <ClInclude Include="ADFOpusSrc\VolSelect.h">
      <Filter>Header Files</Filter>
    </ClInclude>
    <ClInclude Include="ADFOpusSrc\ADFLib\Lib\Generic\adf_nativ.h">
      <Filter>Header Files</Filter>
    </ClInclude>
    <ClInclude Include="ADFOpusSrc\ADFLib\Lib\Win32\adf_nativ.h">
      <Filter>Header Files</Filter>
    </ClInclude>
    <ClInclude Include="ADFOpusSrc\ADFLib\Lib\Win32\defendian.h">
      <Filter>Header Files</Filter>
    </ClInclude>
    <ClInclude Include="ADFOpusSrc\ADFLib\Lib\Win32\nt4_dev.h">
      <Filter>Header Files</Filter>
    </ClInclude>
    <ClInclude Include="ADFOpusSrc\ADFLib\Lib\adf_bitm.h">
      <Filter>Header Files</Filter>
    </ClInclude>
    <ClInclude Include="ADFOpusSrc\ADFLib\Lib\adf_blk.h">
      <Filter>Header Files</Filter>
    </ClInclude>
    <ClInclude Include="ADFOpusSrc\ADFLib\Lib\adf_cache.h">
      <Filter>Header Files</Filter>
    </ClInclude>
    <ClInclude Include="ADFOpusSrc\ADFLib\Lib\adf_defs.h">
      <Filter>Header Files</Filter>
    </ClInclude>
    <ClInclude Include="ADFOpusSrc\ADFLib\Lib\adf_dir.h">
      <Filter>Header Files</Filter>
    </ClInclude>
    <ClInclude Include="ADFOpusSrc\ADFLib\Lib\adf_disk.h">
      <Filter>Header Files</Filter>
    </ClInclude>
    <ClInclude Include="ADFOpusSrc\ADFLib\Lib\adf_dump.h">
      <Filter>Header Files</Filter>
    </ClInclude>
    <ClInclude Include="ADFOpusSrc\ADFLib\Lib\adf_env.h">
      <Filter>Header Files</Filter>
    </ClInclude>
    <ClInclude Include="ADFOpusSrc\ADFLib\Lib\adf_err.h">
      <Filter>Header Files</Filter>
    </ClInclude>
    <ClInclude Include="ADFOpusSrc\ADFLib\Lib\adf_file.h">
      <Filter>Header Files</Filter>
    </ClInclude>
    <ClInclude Include="ADFOpusSrc\ADFLib\Lib\adf_hd.h">
      <Filter>Header Files</Filter>
    </ClInclude>
    <ClInclude Include="ADFOpusSrc\ADFLib\Lib\adf_link.h">
      <Filter>Header Files</Filter>
    </ClInclude>
    <ClInclude Include="ADFOpusSrc\ADFLib\Lib\adf_raw.h">
      <Filter>Header Files</Filter>
    </ClInclude>
    <ClInclude Include="ADFOpusSrc\ADFLib\Lib\adf_salv.h">
      <Filter>Header Files</Filter>
    </ClInclude>
    <ClInclude Include="ADFOpusSrc\ADFLib\Lib\adf_str.h">
      <Filter>Header Files</Filter>
    </ClInclude>
    <ClInclude Include="ADFOpusSrc\ADFLib\Lib\adf_util.h">
      <Filter>Header Files</Filter>
    </ClInclude>
    <ClInclude Include="ADFOpusSrc\ADFLib\Lib\adflib.h">
      <Filter>Header Files</Filter>
    </ClInclude>
    <ClInclude Include="ADFOpusSrc\ADFLib\Lib\hd_blk.h">
      <Filter>Header Files</Filter>
    </ClInclude>
    <ClInclude Include="ADFOpusSrc\ADFLib\Lib\prefix.h">
      <Filter>Header Files</Filter>
    </ClInclude>
    <ClInclude Include="ADFOpusSrc\Help\AdfOpusHlp.h">
      <Filter>Header Files</Filter>
    </ClInclude>
    <ClInclude Include="ADFOpusSrc\xdms\cdata.h">
      <Filter>Header Files</Filter>
    </ClInclude>
    <ClInclude Include="ADFOpusSrc\xdms\crc_csum.h">
      <Filter>Header Files</Filter>
    </ClInclude>
    <ClInclude Include="ADFOpusSrc\xdms\getbits.h">
      <Filter>Header Files</Filter>
    </ClInclude>
    <ClInclude Include="ADFOpusSrc\xdms\maketbl.h">
      <Filter>Header Files</Filter>
    </ClInclude>
    <ClInclude Include="ADFOpusSrc\xdms\Pfile.h">
      <Filter>Header Files</Filter>
    </ClInclude>
    <ClInclude Include="ADFOpusSrc\xdms\tables.h">
      <Filter>Header Files</Filter>
    </ClInclude>
    <ClInclude Include="ADFOpusSrc\xdms\u_deep.h">
      <Filter>Header Files</Filter>
    </ClInclude>
    <ClInclude Include="ADFOpusSrc\xdms\u_heavy.h">
      <Filter>Header Files</Filter>
    </ClInclude>
    <ClInclude Include="ADFOpusSrc\xdms\u_init.h">
      <Filter>Header Files</Filter>
    </ClInclude>
    <ClInclude Include="ADFOpusSrc\xdms\u_medium.h">
      <Filter>Header Files</Filter>
    </ClInclude>
    <ClInclude Include="ADFOpusSrc\xdms\u_quick.h">
      <Filter>Header Files</Filter>
    </ClInclude>
    <ClInclude Include="ADFOpusSrc\xdms\u_rle.h">
      <Filter>Header Files</Filter>
    </ClInclude>
    <ClInclude Include="ADFOpusSrc\xdms\Xdms.h">
      <Filter>Header Files</Filter>
    </ClInclude>
    <ClInclude Include="ADFOpusSrc\Zlib\deflate.h">
      <Filter>Header Files</Filter>
    </ClInclude>
    <ClInclude Include="ADFOpusSrc\Zlib\infblock.h">
      <Filter>Header Files</Filter>
    </ClInclude>
    <ClInclude Include="ADFOpusSrc\Zlib\infcodes.h">
      <Filter>Header Files</Filter>
    </ClInclude>
    <ClInclude Include="ADFOpusSrc\Zlib\inffast.h">
      <Filter>Header Files</Filter>
    </ClInclude>
    <ClInclude Include="ADFOpusSrc\Zlib\inffixed.h">
      <Filter>Header Files</Filter>
    </ClInclude>
    <ClInclude Include="ADFOpusSrc\Zlib\inftrees.h">
      <Filter>Header Files</Filter>
    </ClInclude>
    <ClInclude Include="ADFOpusSrc\Zlib\infutil.h">
      <Filter>Header Files</Filter>
    </ClInclude>
    <ClInclude Include="ADFOpusSrc\Zlib\trees.h">
      <Filter>Header Files</Filter>
    </ClInclude>
    <ClInclude Include="ADFOpusSrc\Zlib\zconf.h">
      <Filter>Header Files</Filter>
    </ClInclude>
    <ClInclude Include="ADFOpusSrc\Zlib\zlib.h">
      <Filter>Header Files</Filter>
    </ClInclude>
    <ClInclude Include="ADFOpusSrc\Zlib\zutil.h">
      <Filter>Header Files</Filter>
    </ClInclude>
    <ClInclude Include="ADFOpusSrc\About.h">
      <Filter>Header Files</Filter>
    </ClInclude>
    <ClInclude Include="ADFOpusSrc\ADFOpus.h">
      <Filter>Header Files</Filter>
    </ClInclude>
    <ClInclude Include="ADFOpusSrc\BatchConvert.h">
      <Filter>Header Files</Filter>
    </ClInclude>
    <ClInclude Include="ADFOpusSrc\Bootblock.h">
      <Filter>Header Files</Filter>
    </ClInclude>
    <ClInclude Include="ADFOpusSrc\ChildCommon.h">
      <Filter>Header Files</Filter>
    </ClInclude>
    <ClInclude Include="ADFOpusSrc\fdi.h">
      <Filter>Header Files</Filter>
    </ClInclude>
    <ClInclude Include="ADFOpusSrc\fdi2raw.h">
      <Filter>Header Files</Filter>
    </ClInclude>
    <ClInclude Include="ADFOpusSrc\Init.h">
      <Filter>Header Files</Filter>
    </ClInclude>
    <ClInclude Include="ADFOpusSrc\Install.h">
      <Filter>Header Files</Filter>
    </ClInclude>
    <ClInclude Include="ADFOpusSrc\ListView.h">
      <Filter>Header Files</Filter>
    </ClInclude>
    <ClInclude Include="ADFOpusSrc\New.h">
      <Filter>Header Files</Filter>
    </ClInclude>
    <ClInclude Include="ADFOpusSrc\Options.h">
      <Filter>Header Files</Filter>
    </ClInclude>
    <ClInclude Include="ADFOpusSrc\Pch.h">
      <Filter>Header Files</Filter>
    </ClInclude>
    <ClInclude Include="ADFOpusSrc\Properties.h">
      <Filter>Header Files</Filter>
    </ClInclude>
    <ClInclude Include="ADFOpusSrc\resource.h">
      <Filter>Header Files</Filter>
    </ClInclude>
    <ClInclude Include="ADFOpusSrc\ShellOpen.h">
      <Filter>Header Files</Filter>
    </ClInclude>
    <ClInclude Include="ADFOpusSrc\TextViewer.h">
      <Filter>Header Files</Filter>
    </ClInclude>
    <ClInclude Include="ADFOpusSrc\types.h">
      <Filter>Header Files</Filter>
    </ClInclude>
    <ClInclude Include="ADFOpusSrc\Utils.h">
      <Filter>Header Files</Filter>
    </ClInclude>
    <ClInclude Include="ADFOpusSrc\VolInfo.h">
      <Filter>Header Files</Filter>
    </ClInclude>
  </ItemGroup>
  <ItemGroup>
    <ClCompile Include="ADFOpusSrc\About.c">
      <Filter>Source Files</Filter>
    </ClCompile>
    <ClCompile Include="ADFOpusSrc\ADFOpus.c">
      <Filter>Source Files</Filter>
    </ClCompile>
    <ClCompile Include="ADFOpusSrc\BatchConvert.c">
      <Filter>Source Files</Filter>
    </ClCompile>
    <ClCompile Include="ADFOpusSrc\Bootblock.c">
      <Filter>Source Files</Filter>
    </ClCompile>
    <ClCompile Include="ADFOpusSrc\ChildCommon.c">
      <Filter>Source Files</Filter>
    </ClCompile>
    <ClCompile Include="ADFOpusSrc\fdi.c">
      <Filter>Source Files</Filter>
    </ClCompile>
    <ClCompile Include="ADFOpusSrc\fdi2raw.c">
      <Filter>Source Files</Filter>
    </ClCompile>
    <ClCompile Include="ADFOpusSrc\Init.c">
      <Filter>Source Files</Filter>
    </ClCompile>
    <ClCompile Include="ADFOpusSrc\Install.c">
      <Filter>Source Files</Filter>
    </ClCompile>
    <ClCompile Include="ADFOpusSrc\ListView.c">
      <Filter>Source Files</Filter>
    </ClCompile>
    <ClCompile Include="ADFOpusSrc\New.c">
      <Filter>Source Files</Filter>
    </ClCompile>
    <ClCompile Include="ADFOpusSrc\Options.c">
      <Filter>Source Files</Filter>
    </ClCompile>
    <ClCompile Include="ADFOpusSrc\Pch.c">
      <Filter>Source Files</Filter>
    </ClCompile>
    <ClCompile Include="ADFOpusSrc\Properties.c">
      <Filter>Source Files</Filter>
    </ClCompile>
    <ClCompile Include="ADFOpusSrc\ShellOpen.c">
      <Filter>Source Files</Filter>
    </ClCompile>
    <ClCompile Include="ADFOpusSrc\TextViewer.c">
      <Filter>Source Files</Filter>
    </ClCompile>
    <ClCompile Include="ADFOpusSrc\Utils.c">
      <Filter>Source Files</Filter>
    </ClCompile>
    <ClCompile Include="ADFOpusSrc\VolInfo.c">
      <Filter>Source Files</Filter>
    </ClCompile>
    <ClCompile Include="ADFOpusSrc\VolSelect.c">
      <Filter>Source Files</Filter>
    </ClCompile>
    <ClCompile Include="ADFOpusSrc\ADFLib\Lib\adf_bitm.c">
      <Filter>Source Files</Filter>
    </ClCompile>
    <ClCompile Include="ADFOpusSrc\ADFLib\Lib\adf_cache.c">
      <Filter>Source Files</Filter>
    </ClCompile>
    <ClCompile Include="ADFOpusSrc\ADFLib\Lib\adf_dir.c">
      <Filter>Source Files</Filter>
    </ClCompile>
    <ClCompile Include="ADFOpusSrc\ADFLib\Lib\adf_disk.c">
      <Filter>Source Files</Filter>
    </ClCompile>
    <ClCompile Include="ADFOpusSrc\ADFLib\Lib\adf_dump.c">
      <Filter>Source Files</Filter>
    </ClCompile>
    <ClCompile Include="ADFOpusSrc\ADFLib\Lib\adf_env.c">
      <Filter>Source Files</Filter>
    </ClCompile>
    <ClCompile Include="ADFOpusSrc\ADFLib\Lib\adf_file.c">
      <Filter>Source Files</Filter>
    </ClCompile>
    <ClCompile Include="ADFOpusSrc\ADFLib\Lib\adf_hd.c">
      <Filter>Source Files</Filter>
    </ClCompile>
    <ClCompile Include="ADFOpusSrc\ADFLib\Lib\adf_link.c">
      <Filter>Source Files</Filter>
    </ClCompile>
    <ClCompile Include="ADFOpusSrc\ADFLib\Lib\adf_raw.c">
      <Filter>Source Files</Filter>
    </ClCompile>
    <ClCompile Include="ADFOpusSrc\ADFLib\Lib\adf_salv.c">
      <Filter>Source Files</Filter>
    </ClCompile>
    <ClCompile Include="ADFOpusSrc\ADFLib\Lib\adf_util.c">
      <Filter>Source Files</Filter>
    </ClCompile>
    <ClCompile Include="ADFOpusSrc\ADFLib\Lib\Win32\adf_nativ.c">
      <Filter>Source Files</Filter>
    </ClCompile>
    <ClCompile Include="ADFOpusSrc\ADFLib\Lib\Win32\adfvolinfo.c">
      <Filter>Source Files</Filter>
    </ClCompile>
    <ClCompile Include="ADFOpusSrc\ADFLib\Lib\Win32\nt4_dev.c">
      <Filter>Source Files</Filter>
    </ClCompile>
    <ClCompile Include="ADFOpusSrc\Zlib\adler32.c">
      <Filter>Source Files</Filter>
    </ClCompile>
    <ClCompile Include="ADFOpusSrc\Zlib\compress.c">
      <Filter>Source Files</Filter>
    </ClCompile>
    <ClCompile Include="ADFOpusSrc\Zlib\crc32.c">
      <Filter>Source Files</Filter>
    </ClCompile>
    <ClCompile Include="ADFOpusSrc\Zlib\deflate.c">
      <Filter>Source Files</Filter>
    </ClCompile>
    <ClCompile Include="ADFOpusSrc\Zlib\gzio.c">
      <Filter>Source Files</Filter>
    </ClCompile>
    <ClCompile Include="ADFOpusSrc\Zlib\infblock.c">
      <Filter>Source Files</Filter>
    </ClCompile>
    <ClCompile Include="ADFOpusSrc\Zlib\infcodes.c">
      <Filter>Source Files</Filter>
    </ClCompile>
    <ClCompile Include="ADFOpusSrc\Zlib\inffast.c">
      <Filter>Source Files</Filter>
    </ClCompile>
    <ClCompile Include="ADFOpusSrc\Zlib\inflate.c">
      <Filter>Source Files</Filter>
    </ClCompile>
    <ClCompile Include="ADFOpusSrc\Zlib\inftrees.c">
      <Filter>Source Files</Filter>
    </ClCompile>
    <ClCompile Include="ADFOpusSrc\Zlib\infutil.c">
      <Filter>Source Files</Filter>
    </ClCompile>
    <ClCompile Include="ADFOpusSrc\Zlib\trees.c">
      <Filter>Source Files</Filter>
    </ClCompile>
    <ClCompile Include="ADFOpusSrc\Zlib\uncompr.c">
      <Filter>Source Files</Filter>
    </ClCompile>
    <ClCompile Include="ADFOpusSrc\Zlib\zutil.c">
      <Filter>Source Files</Filter>
    </ClCompile>
    <ClCompile Include="ADFOpusSrc\xdms\crc_csum.c">
      <Filter>Source Files</Filter>
    </ClCompile>
    <ClCompile Include="ADFOpusSrc\xdms\getbits.c">
      <Filter>Source Files</Filter>
    </ClCompile>
    <ClCompile Include="ADFOpusSrc\xdms\maketbl.c">
      <Filter>Source Files</Filter>
    </ClCompile>
    <ClCompile Include="ADFOpusSrc\xdms\Pfile.c">
      <Filter>Source Files</Filter>
    </ClCompile>
    <ClCompile Include="ADFOpusSrc\xdms\tables.c">
      <Filter>Source Files</Filter>
    </ClCompile>
    <ClCompile Include="ADFOpusSrc\xdms\u_deep.c">
      <Filter>Source Files</Filter>
    </ClCompile>
    <ClCompile Include="ADFOpusSrc\xdms\u_heavy.c">
      <Filter>Source Files</Filter>
    </ClCompile>
    <ClCompile Include="ADFOpusSrc\xdms\u_init.c">
      <Filter>Source Files</Filter>
    </ClCompile>
    <ClCompile Include="ADFOpusSrc\xdms\u_medium.c">
      <Filter>Source Files</Filter>
    </ClCompile>
    <ClCompile Include="ADFOpusSrc\xdms\u_quick.c">
      <Filter>Source Files</Filter>
    </ClCompile>
    <ClCompile Include="ADFOpusSrc\xdms\u_rle.c">
      <Filter>Source Files</Filter>
    </ClCompile>
    <ClCompile Include="ADFOpusSrc\xdms\Xdms.c">
      <Filter>Source Files</Filter>
    </ClCompile>
    <ClCompile Include="ADFOpusSrc\ADFLib\Demo\unadf.c">
      <Filter>Source Files</Filter>
    </ClCompile>
    <ClCompile Include="ADFOpusSrc\ADFLib\Lib\Generic\adf_nativ.c">
      <Filter>Source Files</Filter>
    </ClCompile>
    <ClCompile Include="ADFOpusSrc\ADFLib\Lib\Win32\adf_nativ.c">
      <Filter>Source Files</Filter>
    </ClCompile>
    <ClCompile Include="ADFOpusSrc\ADFLib\Lib\Win32\adfvolinfo.c">
      <Filter>Source Files</Filter>
    </ClCompile>
    <ClCompile Include="ADFOpusSrc\ADFLib\Lib\Win32\nt4_dev.c">
      <Filter>Source Files</Filter>
    </ClCompile>
    <ClCompile Include="ADFOpusSrc\ADFLib\Lib\adf_bitm.c">
      <Filter>Source Files</Filter>
    </ClCompile>
    <ClCompile Include="ADFOpusSrc\ADFLib\Lib\adf_cache.c">
      <Filter>Source Files</Filter>
    </ClCompile>
    <ClCompile Include="ADFOpusSrc\ADFLib\Lib\adf_dir.c">
      <Filter>Source Files</Filter>
    </ClCompile>
    <ClCompile Include="ADFOpusSrc\ADFLib\Lib\adf_disk.c">
      <Filter>Source Files</Filter>
    </ClCompile>
    <ClCompile Include="ADFOpusSrc\ADFLib\Lib\adf_dump.c">
      <Filter>Source Files</Filter>
    </ClCompile>
    <ClCompile Include="ADFOpusSrc\ADFLib\Lib\adf_env.c">
      <Filter>Source Files</Filter>
    </ClCompile>
    <ClCompile Include="ADFOpusSrc\ADFLib\Lib\adf_file.c">
      <Filter>Source Files</Filter>
    </ClCompile>
    <ClCompile Include="ADFOpusSrc\ADFLib\Lib\adf_hd.c">
      <Filter>Source Files</Filter>
    </ClCompile>
    <ClCompile Include="ADFOpusSrc\ADFLib\Lib\adf_link.c">
      <Filter>Source Files</Filter>
    </ClCompile>
    <ClCompile Include="ADFOpusSrc\ADFLib\Lib\adf_raw.c">
      <Filter>Source Files</Filter>
    </ClCompile>
    <ClCompile Include="ADFOpusSrc\ADFLib\Lib\adf_salv.c">
      <Filter>Source Files</Filter>
    </ClCompile>
    <ClCompile Include="ADFOpusSrc\ADFLib\Lib\adf_util.c">
      <Filter>Source Files</Filter>
    </ClCompile>
    <ClCompile Include="ADFOpusSrc\ADFLib\Test\access.c">
      <Filter>Source Files</Filter>
    </ClCompile>
    <ClCompile Include="ADFOpusSrc\ADFLib\Test\bootdisk.c">
      <Filter>Source Files</Filter>
    </ClCompile>
    <ClCompile Include="ADFOpusSrc\ADFLib\Test\bootdisk2.c">
      <Filter>Source Files</Filter>
    </ClCompile>
    <ClCompile Include="ADFOpusSrc\ADFLib\Test\cache_test.c">
      <Filter>Source Files</Filter>
    </ClCompile>
    <ClCompile Include="ADFOpusSrc\ADFLib\Test\comment.c">
      <Filter>Source Files</Filter>
    </ClCompile>
    <ClCompile Include="ADFOpusSrc\ADFLib\Test\del_test.c">
      <Filter>Source Files</Filter>
    </ClCompile>
    <ClCompile Include="ADFOpusSrc\ADFLib\Test\dir_test.c">
      <Filter>Source Files</Filter>
    </ClCompile>
    <ClCompile Include="ADFOpusSrc\ADFLib\Test\dir_test2.c">
      <Filter>Source Files</Filter>
    </ClCompile>
    <ClCompile Include="ADFOpusSrc\ADFLib\Test\dirc.c">
      <Filter>Source Files</Filter>
    </ClCompile>
    <ClCompile Include="ADFOpusSrc\ADFLib\Test\dirc_test.c">
      <Filter>Source Files</Filter>
    </ClCompile>
    <ClCompile Include="ADFOpusSrc\ADFLib\Test\dispsect.c">
      <Filter>Source Files</Filter>
    </ClCompile>
    <ClCompile Include="ADFOpusSrc\ADFLib\Test\file_test.c">
      <Filter>Source Files</Filter>
    </ClCompile>
    <ClCompile Include="ADFOpusSrc\ADFLib\Test\file_test2.c">
      <Filter>Source Files</Filter>
    </ClCompile>
    <ClCompile Include="ADFOpusSrc\ADFLib\Test\file_test2a.c">
      <Filter>Source Files</Filter>
    </ClCompile>
    <ClCompile Include="ADFOpusSrc\ADFLib\Test\file_test3.c">
      <Filter>Source Files</Filter>
    </ClCompile>
    <ClCompile Include="ADFOpusSrc\ADFLib\Test\fl_test.c">
      <Filter>Source Files</Filter>
    </ClCompile>
    <ClCompile Include="ADFOpusSrc\ADFLib\Test\fl_test2.c">
      <Filter>Source Files</Filter>
    </ClCompile>
    <ClCompile Include="ADFOpusSrc\ADFLib\Test\flfile_test.c">
      <Filter>Source Files</Filter>
    </ClCompile>
    <ClCompile Include="ADFOpusSrc\ADFLib\Test\hardfile.c">
      <Filter>Source Files</Filter>
    </ClCompile>
    <ClCompile Include="ADFOpusSrc\ADFLib\Test\hardfile2.c">
      <Filter>Source Files</Filter>
    </ClCompile>
    <ClCompile Include="ADFOpusSrc\ADFLib\Test\hd_test.c">
      <Filter>Source Files</Filter>
    </ClCompile>
    <ClCompile Include="ADFOpusSrc\ADFLib\Test\hd_test2.c">
      <Filter>Source Files</Filter>
    </ClCompile>
    <ClCompile Include="ADFOpusSrc\ADFLib\Test\hd_test3.c">
      <Filter>Source Files</Filter>
    </ClCompile>
    <ClCompile Include="ADFOpusSrc\ADFLib\Test\progbar.c">
      <Filter>Source Files</Filter>
    </ClCompile>
    <ClCompile Include="ADFOpusSrc\ADFLib\Test\readonly.c">
      <Filter>Source Files</Filter>
    </ClCompile>
    <ClCompile Include="ADFOpusSrc\ADFLib\Test\rename.c">
      <Filter>Source Files</Filter>
    </ClCompile>
    <ClCompile Include="ADFOpusSrc\ADFLib\Test\rename2.c">
      <Filter>Source Files</Filter>
    </ClCompile>
    <ClCompile Include="ADFOpusSrc\ADFLib\Test\undel.c">
      <Filter>Source Files</Filter>
    </ClCompile>
    <ClCompile Include="ADFOpusSrc\ADFLib\Test\undel2.c">
      <Filter>Source Files</Filter>
    </ClCompile>
    <ClCompile Include="ADFOpusSrc\ADFLib\Test\undel3.c">
      <Filter>Source Files</Filter>
    </ClCompile>
    <ClCompile Include="ADFOpusSrc\xdms\crc_csum.c">
      <Filter>Source Files</Filter>
    </ClCompile>
    <ClCompile Include="ADFOpusSrc\xdms\getbits.c">
      <Filter>Source Files</Filter>
    </ClCompile>
    <ClCompile Include="ADFOpusSrc\xdms\maketbl.c">
      <Filter>Source Files</Filter>
    </ClCompile>
    <ClCompile Include="ADFOpusSrc\xdms\Pfile.c">
      <Filter>Source Files</Filter>
    </ClCompile>
    <ClCompile Include="ADFOpusSrc\xdms\tables.c">
      <Filter>Source Files</Filter>
    </ClCompile>
    <ClCompile Include="ADFOpusSrc\xdms\u_deep.c">
      <Filter>Source Files</Filter>
    </ClCompile>
    <ClCompile Include="ADFOpusSrc\xdms\u_heavy.c">
      <Filter>Source Files</Filter>
    </ClCompile>
    <ClCompile Include="ADFOpusSrc\xdms\u_init.c">
      <Filter>Source Files</Filter>
    </ClCompile>
    <ClCompile Include="ADFOpusSrc\xdms\u_medium.c">
      <Filter>Source Files</Filter>
    </ClCompile>
    <ClCompile Include="ADFOpusSrc\xdms\u_quick.c">
      <Filter>Source Files</Filter>
    </ClCompile>
    <ClCompile Include="ADFOpusSrc\xdms\u_rle.c">
      <Filter>Source Files</Filter>
    </ClCompile>
    <ClCompile Include="ADFOpusSrc\xdms\Xdms.c">
      <Filter>Source Files</Filter>
    </ClCompile>
    <ClCompile Include="ADFOpusSrc\Zlib\adler32.c">
      <Filter>Source Files</Filter>
    </ClCompile>
    <ClCompile Include="ADFOpusSrc\Zlib\compress.c">
      <Filter>Source Files</Filter>
    </ClCompile>
    <ClCompile Include="ADFOpusSrc\Zlib\crc32.c">
      <Filter>Source Files</Filter>
    </ClCompile>
    <ClCompile Include="ADFOpusSrc\Zlib\deflate.c">
      <Filter>Source Files</Filter>
    </ClCompile>
    <ClCompile Include="ADFOpusSrc\Zlib\example.c">
      <Filter>Source Files</Filter>
    </ClCompile>
    <ClCompile Include="ADFOpusSrc\Zlib\gzio.c">
      <Filter>Source Files</Filter>
    </ClCompile>
    <ClCompile Include="ADFOpusSrc\Zlib\infblock.c">
      <Filter>Source Files</Filter>
    </ClCompile>
    <ClCompile Include="ADFOpusSrc\Zlib\infcodes.c">
      <Filter>Source Files</Filter>
    </ClCompile>
    <ClCompile Include="ADFOpusSrc\Zlib\inffast.c">
      <Filter>Source Files</Filter>
    </ClCompile>
    <ClCompile Include="ADFOpusSrc\Zlib\inflate.c">
      <Filter>Source Files</Filter>
    </ClCompile>
    <ClCompile Include="ADFOpusSrc\Zlib\inftrees.c">
      <Filter>Source Files</Filter>
    </ClCompile>
    <ClCompile Include="ADFOpusSrc\Zlib\infutil.c">
      <Filter>Source Files</Filter>
    </ClCompile>
    <ClCompile Include="ADFOpusSrc\Zlib\maketree.c">
      <Filter>Source Files</Filter>
    </ClCompile>
    <ClCompile Include="ADFOpusSrc\Zlib\trees.c">
      <Filter>Source Files</Filter>
    </ClCompile>
    <ClCompile Include="ADFOpusSrc\Zlib\uncompr.c">
      <Filter>Source Files</Filter>
    </ClCompile>
    <ClCompile Include="ADFOpusSrc\Zlib\zutil.c">
      <Filter>Source Files</Filter>
    </ClCompile>
    <ClCompile Include="ADFOpusSrc\About.c">
      <Filter>Source Files</Filter>
    </ClCompile>
    <ClCompile Include="ADFOpusSrc\ADFOpus.c">
      <Filter>Source Files</Filter>
    </ClCompile>
    <ClCompile Include="ADFOpusSrc\BatchConvert.c">
      <Filter>Source Files</Filter>
    </ClCompile>
    <ClCompile Include="ADFOpusSrc\Bootblock.c">
      <Filter>Source Files</Filter>
    </ClCompile>
    <ClCompile Include="ADFOpusSrc\ChildCommon.c">
      <Filter>Source Files</Filter>
    </ClCompile>
    <ClCompile Include="ADFOpusSrc\fdi.c">
      <Filter>Source Files</Filter>
    </ClCompile>
    <ClCompile Include="ADFOpusSrc\fdi2raw.c">
      <Filter>Source Files</Filter>
    </ClCompile>
    <ClCompile Include="ADFOpusSrc\Init.c">
      <Filter>Source Files</Filter>
    </ClCompile>
    <ClCompile Include="ADFOpusSrc\Install.c">
      <Filter>Source Files</Filter>
    </ClCompile>
    <ClCompile Include="ADFOpusSrc\ListView.c">
      <Filter>Source Files</Filter>
    </ClCompile>
    <ClCompile Include="ADFOpusSrc\New.c">
      <Filter>Source Files</Filter>
    </ClCompile>
    <ClCompile Include="ADFOpusSrc\Options.c">
      <Filter>Source Files</Filter>
    </ClCompile>
    <ClCompile Include="ADFOpusSrc\Pch.c">
      <Filter>Source Files</Filter>
    </ClCompile>
    <ClCompile Include="ADFOpusSrc\Properties.c">
      <Filter>Source Files</Filter>
    </ClCompile>
    <ClCompile Include="ADFOpusSrc\ShellOpen.c">
      <Filter>Source Files</Filter>
    </ClCompile>
    <ClCompile Include="ADFOpusSrc\TextViewer.c">
      <Filter>Source Files</Filter>
    </ClCompile>
    <ClCompile Include="ADFOpusSrc\Utils.c">
      <Filter>Source Files</Filter>
    </ClCompile>
    <ClCompile Include="ADFOpusSrc\VolInfo.c">
      <Filter>Source Files</Filter>
    </ClCompile>
    <ClCompile Include="ADFOpusSrc\VolSelect.c">
      <Filter>Source Files</Filter>
    </ClCompile>
  </ItemGroup>
  <ItemGroup>
    <ResourceCompile Include="ADFOpusSrc\ADFOpus.rc">
      <Filter>Resource Files</Filter>
    </ResourceCompile>
    <ResourceCompile Include="ADFOpusSrc\ADFOpus.rc">
      <Filter>Resource Files</Filter>
    </ResourceCompile>
  </ItemGroup>
  <ItemGroup>
    <Image Include="ADFOpusSrc\Images\ADFOpus.ico">
      <Filter>Resource Files</Filter>
    </Image>
    <Image Include="ADFOpusSrc\Images\WinFile.ico">
      <Filter>Resource Files</Filter>
    </Image>
    <Image Include="ADFOpusSrc\Images\AmiFile.ico">
      <Filter>Resource Files</Filter>
    </Image>
    <Image Include="ADFOpusSrc\Images\WinDir.ico">
      <Filter>Resource Files</Filter>
    </Image>
    <Image Include="ADFOpusSrc\Images\AmiDir.ico">
      <Filter>Resource Files</Filter>
    </Image>
    <Image Include="ADFOpusSrc\Images\WinLister.ico">
      <Filter>Resource Files</Filter>
    </Image>
    <Image Include="ADFOpusSrc\Images\AmiLister.ico">
      <Filter>Resource Files</Filter>
    </Image>
    <Image Include="ADFOpusSrc\Images\DriveCDROM.ico">
      <Filter>Resource Files</Filter>
    </Image>
    <Image Include="ADFOpusSrc\Images\DriveFloppy35.ico">
      <Filter>Resource Files</Filter>
    </Image>
    <Image Include="ADFOpusSrc\Images\DriveFloppy525.ico">
      <Filter>Resource Files</Filter>
    </Image>
    <Image Include="ADFOpusSrc\Images\DriveHD.ico">
      <Filter>Resource Files</Filter>
    </Image>
    <Image Include="ADFOpusSrc\Images\DriveNet.ico">
      <Filter>Resource Files</Filter>
    </Image>
    <Image Include="ADFOpusSrc\Images\adf.ico">
      <Filter>Resource Files</Filter>
    </Image>
    <Image Include="ADFOpusSrc\Images\adz.ico">
      <Filter>Resource Files</Filter>
    </Image>
    <Image Include="ADFOpusSrc\Images\dms.ico">
      <Filter>Resource Files</Filter>
    </Image>
    <Image Include="ADFOpusSrc\Images\hdf.ico">
      <Filter>Resource Files</Filter>
    </Image>
    <Image Include="ADFOpusSrc\Images\dmp.ico">
      <Filter>Resource Files</Filter>
    </Image>
    <Image Include="ADFOpusSrc\Images\Logo.bmp">
      <Filter>Resource Files</Filter>
    </Image>
    <Image Include="ADFOpusSrc\Images\Toolbar.bmp">
      <Filter>Resource Files</Filter>
    </Image>
    <Image Include="ADFOpusSrc\Images\toolbar_large.bmp">
      <Filter>Resource Files</Filter>
    </Image>
    <Image Include="ADFOpusSrc\images\new.bmp">
      <Filter>Resource Files</Filter>
    </Image>
    <Image Include="ADFOpusSrc\images\open.bmp">
      <Filter>Resource Files</Filter>
    </Image>
    <Image Include="ADFOpusSrc\images\close.bmp">
      <Filter>Resource Files</Filter>
    </Image>
    <Image Include="ADFOpusSrc\images\rename.bmp">
      <Filter>Resource Files</Filter>
    </Image>
    <Image Include="ADFOpusSrc\images\delete.bmp">
      <Filter>Resource Files</Filter>
    </Image>
    <Image Include="ADFOpusSrc\images\createdir.bmp">
      <Filter>Resource Files</Filter>
    </Image>
    <Image Include="ADFOpusSrc\images\uponelev.bmp">
      <Filter>Resource Files</Filter>
    </Image>
    <Image Include="ADFOpusSrc\images\info.bmp">
      <Filter>Resource Files</Filter>
    </Image>
    <Image Include="ADFOpusSrc\images\properti.bmp">
      <Filter>Resource Files</Filter>
    </Image>
    <Image Include="ADFOpusSrc\images\options.bmp">
      <Filter>Resource Files</Filter>
    </Image>
    <Image Include="ADFOpusSrc\images\batch.bmp">
      <Filter>Resource Files</Filter>
    </Image>
    <Image Include="ADFOpusSrc\images\disk2fdi.bmp">
      <Filter>Resource Files</Filter>
    </Image>
    <Image Include="ADFOpusSrc\images\install.bmp">
      <Filter>Resource Files</Filter>
    </Image>
    <Image Include="ADFOpusSrc\images\display.bmp">
      <Filter>Resource Files</Filter>
    </Image>
    <Image Include="ADFOpusSrc\images\tilehor.bmp">
      <Filter>Resource Files</Filter>
    </Image>
    <Image Include="ADFOpusSrc\images\tilever.bmp">
      <Filter>Resource Files</Filter>
    </Image>
    <Image Include="ADFOpusSrc\images\cascade.bmp">
      <Filter>Resource Files</Filter>
    </Image>
    <Image Include="ADFOpusSrc\images\help.bmp">
      <Filter>Resource Files</Filter>
    </Image>
    <Image Include="ADFOpusSrc\images\about.bmp">
      <Filter>Resource Files</Filter>
    </Image>
    <Image Include="ADFOpusSrc\images\undelete.bmp">
      <Filter>Resource Files</Filter>
    </Image>
    <Image Include="ADFOpusSrc\images\showundel.bmp">
      <Filter>Resource Files</Filter>
    </Image>
    <Image Include="ADFOpusSrc\images\textviewer.bmp">
      <Filter>Resource Files</Filter>
    </Image>
  </ItemGroup>
  <ItemGroup>
    <None Include="ADFOpusSrc\images\ArrowCop.cur">
      <Filter>Resource Files</Filter>
    </None>
    <None Include="ADFOpusSrc\ADFLib\Docs\Doxygen\html\_win32_2adf__nativ_8c.html" />
    <None Include="ADFOpusSrc\ADFLib\Docs\Doxygen\html\_win32_2adf__nativ_8h.html" />
    <None Include="ADFOpusSrc\ADFLib\Docs\Doxygen\html\adf__bitm_8c.html" />
    <None Include="ADFOpusSrc\ADFLib\Docs\Doxygen\html\adf__bitm_8h.html" />
    <None Include="ADFOpusSrc\ADFLib\Docs\Doxygen\html\adf__blk_8h.html" />
    <None Include="ADFOpusSrc\ADFLib\Docs\Doxygen\html\adf__cache_8c.html" />
    <None Include="ADFOpusSrc\ADFLib\Docs\Doxygen\html\adf__cache_8h.html" />
    <None Include="ADFOpusSrc\ADFLib\Docs\Doxygen\html\adf__defs_8h.html" />
    <None Include="ADFOpusSrc\ADFLib\Docs\Doxygen\html\adf__dir_8c.html" />
    <None Include="ADFOpusSrc\ADFLib\Docs\Doxygen\html\adf__dir_8h.html" />
    <None Include="ADFOpusSrc\ADFLib\Docs\Doxygen\html\adf__disk_8c.html" />
    <None Include="ADFOpusSrc\ADFLib\Docs\Doxygen\html\adf__disk_8h.html" />
    <None Include="ADFOpusSrc\ADFLib\Docs\Doxygen\html\adf__dump_8c.html" />
    <None Include="ADFOpusSrc\ADFLib\Docs\Doxygen\html\adf__dump_8h.html" />
    <None Include="ADFOpusSrc\ADFLib\Docs\Doxygen\html\adf__env_8c.html" />
    <None Include="ADFOpusSrc\ADFLib\Docs\Doxygen\html\adf__env_8h.html" />
    <None Include="ADFOpusSrc\ADFLib\Docs\Doxygen\html\adf__err_8h.html" />
    <None Include="ADFOpusSrc\ADFLib\Docs\Doxygen\html\adf__file_8c.html" />
    <None Include="ADFOpusSrc\ADFLib\Docs\Doxygen\html\adf__file_8h.html" />
    <None Include="ADFOpusSrc\ADFLib\Docs\Doxygen\html\adf__hd_8c.html" />
    <None Include="ADFOpusSrc\ADFLib\Docs\Doxygen\html\adf__hd_8h.html" />
    <None Include="ADFOpusSrc\ADFLib\Docs\Doxygen\html\adf__link_8c.html" />
    <None Include="ADFOpusSrc\ADFLib\Docs\Doxygen\html\adf__link_8h.html" />
    <None Include="ADFOpusSrc\ADFLib\Docs\Doxygen\html\adf__raw_8c.html" />
    <None Include="ADFOpusSrc\ADFLib\Docs\Doxygen\html\adf__raw_8h.html" />
    <None Include="ADFOpusSrc\ADFLib\Docs\Doxygen\html\adf__salv_8c.html" />
    <None Include="ADFOpusSrc\ADFLib\Docs\Doxygen\html\adf__salv_8h.html" />
    <None Include="ADFOpusSrc\ADFLib\Docs\Doxygen\html\adf__str_8h.html" />
    <None Include="ADFOpusSrc\ADFLib\Docs\Doxygen\html\adf__util_8c.html" />
    <None Include="ADFOpusSrc\ADFLib\Docs\Doxygen\html\adf__util_8h.html" />
    <None Include="ADFOpusSrc\ADFLib\Docs\Doxygen\html\adflib_8h.html" />
    <None Include="ADFOpusSrc\ADFLib\Docs\Doxygen\html\adfvolinfo_8c.html" />
    <None Include="ADFOpusSrc\ADFLib\Docs\Doxygen\html\annotated.html" />
    <None Include="ADFOpusSrc\ADFLib\Docs\Doxygen\html\classes.html" />
    <None Include="ADFOpusSrc\ADFLib\Docs\Doxygen\html\defendian_8h.html" />
    <None Include="ADFOpusSrc\ADFLib\Docs\Doxygen\html\files.html" />
    <None Include="ADFOpusSrc\ADFLib\Docs\Doxygen\html\functions.html" />
    <None Include="ADFOpusSrc\ADFLib\Docs\Doxygen\html\globals.html" />
    <None Include="ADFOpusSrc\ADFLib\Docs\Doxygen\html\graph_legend.html" />
    <None Include="ADFOpusSrc\ADFLib\Docs\Doxygen\html\hd__blk_8h.html" />
    <None Include="ADFOpusSrc\ADFLib\Docs\Doxygen\html\index.html" />
    <None Include="ADFOpusSrc\ADFLib\Docs\Doxygen\html\main.html" />
    <None Include="ADFOpusSrc\ADFLib\Docs\Doxygen\html\nt4__dev_8c.html" />
    <None Include="ADFOpusSrc\ADFLib\Docs\Doxygen\html\nt4__dev_8h.html" />
    <None Include="ADFOpusSrc\ADFLib\Docs\Doxygen\html\prefix_8h.html" />
    <None Include="ADFOpusSrc\ADFLib\Docs\Doxygen\html\struct_cache_entry.html" />
    <None Include="ADFOpusSrc\ADFLib\Docs\Doxygen\html\struct_date_time.html" />
    <None Include="ADFOpusSrc\ADFLib\Docs\Doxygen\html\struct_device.html" />
    <None Include="ADFOpusSrc\ADFLib\Docs\Doxygen\html\struct_entry.html" />
    <None Include="ADFOpusSrc\ADFLib\Docs\Doxygen\html\struct_env.html" />
    <None Include="ADFOpusSrc\ADFLib\Docs\Doxygen\html\struct_file.html" />
    <None Include="ADFOpusSrc\ADFLib\Docs\Doxygen\html\struct_file_blocks.html" />
    <None Include="ADFOpusSrc\ADFLib\Docs\Doxygen\html\struct_gen_block.html" />
    <None Include="ADFOpusSrc\ADFLib\Docs\Doxygen\html\struct_list.html" />
    <None Include="ADFOpusSrc\ADFLib\Docs\Doxygen\html\struct_partition.html" />
    <None Include="ADFOpusSrc\ADFLib\Docs\Doxygen\html\struct_volume.html" />
    <None Include="ADFOpusSrc\ADFLib\Docs\Doxygen\html\structb_b_a_d_bblock.html" />
    <None Include="ADFOpusSrc\ADFLib\Docs\Doxygen\html\structb_b_a_d_bentry.html" />
    <None Include="ADFOpusSrc\ADFLib\Docs\Doxygen\html\structb_bitmap_block.html" />
    <None Include="ADFOpusSrc\ADFLib\Docs\Doxygen\html\structb_bitmap_ext_block.html" />
    <None Include="ADFOpusSrc\ADFLib\Docs\Doxygen\html\structb_boot_block.html" />
    <None Include="ADFOpusSrc\ADFLib\Docs\Doxygen\html\structb_dir_block.html" />
    <None Include="ADFOpusSrc\ADFLib\Docs\Doxygen\html\structb_dir_cache_block.html" />
    <None Include="ADFOpusSrc\ADFLib\Docs\Doxygen\html\structb_entry_block.html" />
    <None Include="ADFOpusSrc\ADFLib\Docs\Doxygen\html\structb_f_s_h_dblock.html" />
    <None Include="ADFOpusSrc\ADFLib\Docs\Doxygen\html\structb_file_ext_block.html" />
    <None Include="ADFOpusSrc\ADFLib\Docs\Doxygen\html\structb_file_header_block.html" />
    <None Include="ADFOpusSrc\ADFLib\Docs\Doxygen\html\structb_l_s_e_gblock.html" />
    <None Include="ADFOpusSrc\ADFLib\Docs\Doxygen\html\structb_link_block.html" />
    <None Include="ADFOpusSrc\ADFLib\Docs\Doxygen\html\structb_o_f_s_data_block.html" />
    <None Include="ADFOpusSrc\ADFLib\Docs\Doxygen\html\structb_p_a_r_tblock.html" />
    <None Include="ADFOpusSrc\ADFLib\Docs\Doxygen\html\structb_r_d_s_kblock.html" />
    <None Include="ADFOpusSrc\ADFLib\Docs\Doxygen\html\structb_root_block.html" />
    <None Include="ADFOpusSrc\ADFLib\Docs\Doxygen\html\structnative_device.html" />
    <None Include="ADFOpusSrc\ADFLib\Docs\Doxygen\html\structnative_functions.html" />
    <None Include="ADFOpusSrc\ADFLib\Docs\Doxygen\html\tree.html" />
    <None Include="ADFOpusSrc\ADFLib\Docs\api_device.html" />
    <None Include="ADFOpusSrc\ADFLib\Docs\api_dir.html" />
    <None Include="ADFOpusSrc\ADFLib\Docs\api_env.html" />
    <None Include="ADFOpusSrc\ADFLib\Docs\api_file.html" />
    <None Include="ADFOpusSrc\ADFLib\Docs\api_index.html" />
    <None Include="ADFOpusSrc\ADFLib\Docs\api_native.html" />
    <None Include="ADFOpusSrc\ADFLib\Docs\api_salv.html" />
    <None Include="ADFOpusSrc\ADFLib\Docs\api_volume.html" />
    <None Include="ADFOpusSrc\ADFLib\Faq\adf_info.html" />
    <None Include="ADFOpusSrc\ADFLib\Lib\Win32\readme_win32.html" />
    <None Include="ADFOpusSrc\ADFLib\ADFLib.html" />
    <None Include="ADFOpusSrc\Doxygen\html\_a_d_f_opus_8c.html" />
    <None Include="ADFOpusSrc\Doxygen\html\_a_d_f_opus_8c-source.html" />
    <None Include="ADFOpusSrc\Doxygen\html\_a_d_f_opus_8h.html" />
    <None Include="ADFOpusSrc\Doxygen\html\_a_d_f_opus_8h-source.html" />
    <None Include="ADFOpusSrc\Doxygen\html\_about_8c.html" />
    <None Include="ADFOpusSrc\Doxygen\html\_about_8c-source.html" />
    <None Include="ADFOpusSrc\Doxygen\html\_about_8h.html" />
    <None Include="ADFOpusSrc\Doxygen\html\_about_8h-source.html" />
    <None Include="ADFOpusSrc\Doxygen\html\_adf_opus_hlp_8h-source.html" />
    <None Include="ADFOpusSrc\Doxygen\html\_batch_convert_8c.html" />
    <None Include="ADFOpusSrc\Doxygen\html\_batch_convert_8c-source.html" />
    <None Include="ADFOpusSrc\Doxygen\html\_batch_convert_8h.html" />
    <None Include="ADFOpusSrc\Doxygen\html\_batch_convert_8h-source.html" />
    <None Include="ADFOpusSrc\Doxygen\html\_bootblock_8c.html" />
    <None Include="ADFOpusSrc\Doxygen\html\_bootblock_8c-source.html" />
    <None Include="ADFOpusSrc\Doxygen\html\_bootblock_8h.html" />
    <None Include="ADFOpusSrc\Doxygen\html\_bootblock_8h-source.html" />
    <None Include="ADFOpusSrc\Doxygen\html\_child_common_8c.html" />
    <None Include="ADFOpusSrc\Doxygen\html\_child_common_8c-source.html" />
    <None Include="ADFOpusSrc\Doxygen\html\_child_common_8h.html" />
    <None Include="ADFOpusSrc\Doxygen\html\_child_common_8h-source.html" />
    <None Include="ADFOpusSrc\Doxygen\html\_generic_2adf__nativ_8c.html" />
    <None Include="ADFOpusSrc\Doxygen\html\_generic_2adf__nativ_8c-source.html" />
    <None Include="ADFOpusSrc\Doxygen\html\_generic_2adf__nativ_8h.html" />
    <None Include="ADFOpusSrc\Doxygen\html\_generic_2adf__nativ_8h-source.html" />
    <None Include="ADFOpusSrc\Doxygen\html\_init_8c.html" />
    <None Include="ADFOpusSrc\Doxygen\html\_init_8c-source.html" />
    <None Include="ADFOpusSrc\Doxygen\html\_init_8h.html" />
    <None Include="ADFOpusSrc\Doxygen\html\_init_8h-source.html" />
    <None Include="ADFOpusSrc\Doxygen\html\_install_8c.html" />
    <None Include="ADFOpusSrc\Doxygen\html\_install_8c-source.html" />
    <None Include="ADFOpusSrc\Doxygen\html\_install_8h.html" />
    <None Include="ADFOpusSrc\Doxygen\html\_install_8h-source.html" />
    <None Include="ADFOpusSrc\Doxygen\html\_list_view_8c.html" />
    <None Include="ADFOpusSrc\Doxygen\html\_list_view_8c-source.html" />
    <None Include="ADFOpusSrc\Doxygen\html\_list_view_8h.html" />
    <None Include="ADFOpusSrc\Doxygen\html\_list_view_8h-source.html" />
    <None Include="ADFOpusSrc\Doxygen\html\_new_8c.html" />
    <None Include="ADFOpusSrc\Doxygen\html\_new_8c-source.html" />
    <None Include="ADFOpusSrc\Doxygen\html\_new_8h.html" />
    <None Include="ADFOpusSrc\Doxygen\html\_new_8h-source.html" />
    <None Include="ADFOpusSrc\Doxygen\html\_options_8c.html" />
    <None Include="ADFOpusSrc\Doxygen\html\_options_8c-source.html" />
    <None Include="ADFOpusSrc\Doxygen\html\_options_8h.html" />
    <None Include="ADFOpusSrc\Doxygen\html\_options_8h-source.html" />
    <None Include="ADFOpusSrc\Doxygen\html\_pch_8c.html" />
    <None Include="ADFOpusSrc\Doxygen\html\_pch_8c-source.html" />
    <None Include="ADFOpusSrc\Doxygen\html\_pch_8h.html" />
    <None Include="ADFOpusSrc\Doxygen\html\_pch_8h-source.html" />
    <None Include="ADFOpusSrc\Doxygen\html\_pfile_8c.html" />
    <None Include="ADFOpusSrc\Doxygen\html\_pfile_8c-source.html" />
    <None Include="ADFOpusSrc\Doxygen\html\_pfile_8h.html" />
    <None Include="ADFOpusSrc\Doxygen\html\_pfile_8h-source.html" />
    <None Include="ADFOpusSrc\Doxygen\html\_properties_8c.html" />
    <None Include="ADFOpusSrc\Doxygen\html\_properties_8c-source.html" />
    <None Include="ADFOpusSrc\Doxygen\html\_properties_8h.html" />
    <None Include="ADFOpusSrc\Doxygen\html\_properties_8h-source.html" />
    <None Include="ADFOpusSrc\Doxygen\html\_shell_open_8c.html" />
    <None Include="ADFOpusSrc\Doxygen\html\_shell_open_8c-source.html" />
    <None Include="ADFOpusSrc\Doxygen\html\_shell_open_8h.html" />
    <None Include="ADFOpusSrc\Doxygen\html\_shell_open_8h-source.html" />
    <None Include="ADFOpusSrc\Doxygen\html\_utils_8c.html" />
    <None Include="ADFOpusSrc\Doxygen\html\_utils_8c-source.html" />
    <None Include="ADFOpusSrc\Doxygen\html\_utils_8h.html" />
    <None Include="ADFOpusSrc\Doxygen\html\_utils_8h-source.html" />
    <None Include="ADFOpusSrc\Doxygen\html\_vol_info_8c.html" />
    <None Include="ADFOpusSrc\Doxygen\html\_vol_info_8c-source.html" />
    <None Include="ADFOpusSrc\Doxygen\html\_vol_info_8h.html" />
    <None Include="ADFOpusSrc\Doxygen\html\_vol_info_8h-source.html" />
    <None Include="ADFOpusSrc\Doxygen\html\_vol_select_8c.html" />
    <None Include="ADFOpusSrc\Doxygen\html\_vol_select_8c-source.html" />
    <None Include="ADFOpusSrc\Doxygen\html\_vol_select_8h.html" />
    <None Include="ADFOpusSrc\Doxygen\html\_vol_select_8h-source.html" />
    <None Include="ADFOpusSrc\Doxygen\html\_win32_2adf__nativ_8c.html" />
    <None Include="ADFOpusSrc\Doxygen\html\_win32_2adf__nativ_8c-source.html" />
    <None Include="ADFOpusSrc\Doxygen\html\_win32_2adf__nativ_8h.html" />
    <None Include="ADFOpusSrc\Doxygen\html\_win32_2adf__nativ_8h-source.html" />
    <None Include="ADFOpusSrc\Doxygen\html\_xdms_8c.html" />
    <None Include="ADFOpusSrc\Doxygen\html\_xdms_8c-source.html" />
    <None Include="ADFOpusSrc\Doxygen\html\_xdms_8h.html" />
    <None Include="ADFOpusSrc\Doxygen\html\_xdms_8h-source.html" />
    <None Include="ADFOpusSrc\Doxygen\html\access_8c.html" />
    <None Include="ADFOpusSrc\Doxygen\html\access_8c-source.html" />
    <None Include="ADFOpusSrc\Doxygen\html\adf__bitm_8c.html" />
    <None Include="ADFOpusSrc\Doxygen\html\adf__bitm_8c-source.html" />
    <None Include="ADFOpusSrc\Doxygen\html\adf__bitm_8h.html" />
    <None Include="ADFOpusSrc\Doxygen\html\adf__bitm_8h-source.html" />
    <None Include="ADFOpusSrc\Doxygen\html\adf__blk_8h.html" />
    <None Include="ADFOpusSrc\Doxygen\html\adf__blk_8h-source.html" />
    <None Include="ADFOpusSrc\Doxygen\html\adf__cache_8c.html" />
    <None Include="ADFOpusSrc\Doxygen\html\adf__cache_8c-source.html" />
    <None Include="ADFOpusSrc\Doxygen\html\adf__cache_8h.html" />
    <None Include="ADFOpusSrc\Doxygen\html\adf__cache_8h-source.html" />
    <None Include="ADFOpusSrc\Doxygen\html\adf__defs_8h.html" />
    <None Include="ADFOpusSrc\Doxygen\html\adf__defs_8h-source.html" />
    <None Include="ADFOpusSrc\Doxygen\html\adf__dir_8c.html" />
    <None Include="ADFOpusSrc\Doxygen\html\adf__dir_8c-source.html" />
    <None Include="ADFOpusSrc\Doxygen\html\adf__dir_8h.html" />
    <None Include="ADFOpusSrc\Doxygen\html\adf__dir_8h-source.html" />
    <None Include="ADFOpusSrc\Doxygen\html\adf__disk_8c.html" />
    <None Include="ADFOpusSrc\Doxygen\html\adf__disk_8c-source.html" />
    <None Include="ADFOpusSrc\Doxygen\html\adf__disk_8h.html" />
    <None Include="ADFOpusSrc\Doxygen\html\adf__disk_8h-source.html" />
    <None Include="ADFOpusSrc\Doxygen\html\adf__dump_8c.html" />
    <None Include="ADFOpusSrc\Doxygen\html\adf__dump_8c-source.html" />
    <None Include="ADFOpusSrc\Doxygen\html\adf__dump_8h.html" />
    <None Include="ADFOpusSrc\Doxygen\html\adf__dump_8h-source.html" />
    <None Include="ADFOpusSrc\Doxygen\html\adf__env_8c.html" />
    <None Include="ADFOpusSrc\Doxygen\html\adf__env_8c-source.html" />
    <None Include="ADFOpusSrc\Doxygen\html\adf__env_8h.html" />
    <None Include="ADFOpusSrc\Doxygen\html\adf__env_8h-source.html" />
    <None Include="ADFOpusSrc\Doxygen\html\adf__err_8h.html" />
    <None Include="ADFOpusSrc\Doxygen\html\adf__err_8h-source.html" />
    <None Include="ADFOpusSrc\Doxygen\html\adf__file_8c.html" />
    <None Include="ADFOpusSrc\Doxygen\html\adf__file_8c-source.html" />
    <None Include="ADFOpusSrc\Doxygen\html\adf__file_8h.html" />
    <None Include="ADFOpusSrc\Doxygen\html\adf__file_8h-source.html" />
    <None Include="ADFOpusSrc\Doxygen\html\adf__hd_8c.html" />
    <None Include="ADFOpusSrc\Doxygen\html\adf__hd_8c-source.html" />
    <None Include="ADFOpusSrc\Doxygen\html\adf__hd_8h.html" />
    <None Include="ADFOpusSrc\Doxygen\html\adf__hd_8h-source.html" />
    <None Include="ADFOpusSrc\Doxygen\html\adf__link_8c.html" />
    <None Include="ADFOpusSrc\Doxygen\html\adf__link_8c-source.html" />
    <None Include="ADFOpusSrc\Doxygen\html\adf__link_8h.html" />
    <None Include="ADFOpusSrc\Doxygen\html\adf__link_8h-source.html" />
    <None Include="ADFOpusSrc\Doxygen\html\adf__raw_8c.html" />
    <None Include="ADFOpusSrc\Doxygen\html\adf__raw_8c-source.html" />
    <None Include="ADFOpusSrc\Doxygen\html\adf__raw_8h.html" />
    <None Include="ADFOpusSrc\Doxygen\html\adf__raw_8h-source.html" />
    <None Include="ADFOpusSrc\Doxygen\html\adf__salv_8c.html" />
    <None Include="ADFOpusSrc\Doxygen\html\adf__salv_8c-source.html" />
    <None Include="ADFOpusSrc\Doxygen\html\adf__salv_8h.html" />
    <None Include="ADFOpusSrc\Doxygen\html\adf__salv_8h-source.html" />
    <None Include="ADFOpusSrc\Doxygen\html\adf__str_8h.html" />
    <None Include="ADFOpusSrc\Doxygen\html\adf__str_8h-source.html" />
    <None Include="ADFOpusSrc\Doxygen\html\adf__util_8c.html" />
    <None Include="ADFOpusSrc\Doxygen\html\adf__util_8c-source.html" />
    <None Include="ADFOpusSrc\Doxygen\html\adf__util_8h.html" />
    <None Include="ADFOpusSrc\Doxygen\html\adf__util_8h-source.html" />
    <None Include="ADFOpusSrc\Doxygen\html\adflib_8h.html" />
    <None Include="ADFOpusSrc\Doxygen\html\adflib_8h-source.html" />
    <None Include="ADFOpusSrc\Doxygen\html\adfvolinfo_8c.html" />
    <None Include="ADFOpusSrc\Doxygen\html\adfvolinfo_8c-source.html" />
    <None Include="ADFOpusSrc\Doxygen\html\adler32_8c.html" />
    <None Include="ADFOpusSrc\Doxygen\html\adler32_8c-source.html" />
    <None Include="ADFOpusSrc\Doxygen\html\annotated.html" />
    <None Include="ADFOpusSrc\Doxygen\html\bootdisk_8c.html" />
    <None Include="ADFOpusSrc\Doxygen\html\bootdisk_8c-source.html" />
    <None Include="ADFOpusSrc\Doxygen\html\bootdisk2_8c.html" />
    <None Include="ADFOpusSrc\Doxygen\html\bootdisk2_8c-source.html" />
    <None Include="ADFOpusSrc\Doxygen\html\cache__test_8c.html" />
    <None Include="ADFOpusSrc\Doxygen\html\cache__test_8c-source.html" />
    <None Include="ADFOpusSrc\Doxygen\html\cdata_8h.html" />
    <None Include="ADFOpusSrc\Doxygen\html\cdata_8h-source.html" />
    <None Include="ADFOpusSrc\Doxygen\html\classes.html" />
    <None Include="ADFOpusSrc\Doxygen\html\comment_8c.html" />
    <None Include="ADFOpusSrc\Doxygen\html\comment_8c-source.html" />
    <None Include="ADFOpusSrc\Doxygen\html\compress_8c.html" />
    <None Include="ADFOpusSrc\Doxygen\html\compress_8c-source.html" />
    <None Include="ADFOpusSrc\Doxygen\html\crc__csum_8c.html" />
    <None Include="ADFOpusSrc\Doxygen\html\crc__csum_8c-source.html" />
    <None Include="ADFOpusSrc\Doxygen\html\crc__csum_8h.html" />
    <None Include="ADFOpusSrc\Doxygen\html\crc__csum_8h-source.html" />
    <None Include="ADFOpusSrc\Doxygen\html\crc32_8c.html" />
    <None Include="ADFOpusSrc\Doxygen\html\crc32_8c-source.html" />
    <None Include="ADFOpusSrc\Doxygen\html\defendian_8h.html" />
    <None Include="ADFOpusSrc\Doxygen\html\defendian_8h-source.html" />
    <None Include="ADFOpusSrc\Doxygen\html\deflate_8c.html" />
    <None Include="ADFOpusSrc\Doxygen\html\deflate_8c-source.html" />
    <None Include="ADFOpusSrc\Doxygen\html\deflate_8h.html" />
    <None Include="ADFOpusSrc\Doxygen\html\deflate_8h-source.html" />
    <None Include="ADFOpusSrc\Doxygen\html\del__test_8c.html" />
    <None Include="ADFOpusSrc\Doxygen\html\del__test_8c-source.html" />
    <None Include="ADFOpusSrc\Doxygen\html\dir__test_8c.html" />
    <None Include="ADFOpusSrc\Doxygen\html\dir__test_8c-source.html" />
    <None Include="ADFOpusSrc\Doxygen\html\dir__test2_8c.html" />
    <None Include="ADFOpusSrc\Doxygen\html\dir__test2_8c-source.html" />
    <None Include="ADFOpusSrc\Doxygen\html\dirc__test_8c.html" />
    <None Include="ADFOpusSrc\Doxygen\html\dirc__test_8c-source.html" />
    <None Include="ADFOpusSrc\Doxygen\html\dirc_8c.html" />
    <None Include="ADFOpusSrc\Doxygen\html\dirc_8c-source.html" />
    <None Include="ADFOpusSrc\Doxygen\html\dispsect_8c.html" />
    <None Include="ADFOpusSrc\Doxygen\html\dispsect_8c-source.html" />
    <None Include="ADFOpusSrc\Doxygen\html\example_8c.html" />
    <None Include="ADFOpusSrc\Doxygen\html\example_8c-source.html" />
    <None Include="ADFOpusSrc\Doxygen\html\fdi_8c.html" />
    <None Include="ADFOpusSrc\Doxygen\html\fdi_8c-source.html" />
    <None Include="ADFOpusSrc\Doxygen\html\fdi_8h.html" />
    <None Include="ADFOpusSrc\Doxygen\html\fdi_8h-source.html" />
    <None Include="ADFOpusSrc\Doxygen\html\fdi2raw_8c.html" />
    <None Include="ADFOpusSrc\Doxygen\html\fdi2raw_8c-source.html" />
    <None Include="ADFOpusSrc\Doxygen\html\fdi2raw_8h.html" />
    <None Include="ADFOpusSrc\Doxygen\html\fdi2raw_8h-source.html" />
    <None Include="ADFOpusSrc\Doxygen\html\file__test_8c.html" />
    <None Include="ADFOpusSrc\Doxygen\html\file__test_8c-source.html" />
    <None Include="ADFOpusSrc\Doxygen\html\file__test2_8c.html" />
    <None Include="ADFOpusSrc\Doxygen\html\file__test2_8c-source.html" />
    <None Include="ADFOpusSrc\Doxygen\html\file__test2a_8c.html" />
    <None Include="ADFOpusSrc\Doxygen\html\file__test2a_8c-source.html" />
    <None Include="ADFOpusSrc\Doxygen\html\file__test3_8c.html" />
    <None Include="ADFOpusSrc\Doxygen\html\file__test3_8c-source.html" />
    <None Include="ADFOpusSrc\Doxygen\html\files.html" />
    <None Include="ADFOpusSrc\Doxygen\html\fl__test_8c.html" />
    <None Include="ADFOpusSrc\Doxygen\html\fl__test_8c-source.html" />
    <None Include="ADFOpusSrc\Doxygen\html\fl__test2_8c.html" />
    <None Include="ADFOpusSrc\Doxygen\html\fl__test2_8c-source.html" />
    <None Include="ADFOpusSrc\Doxygen\html\flfile__test_8c.html" />
    <None Include="ADFOpusSrc\Doxygen\html\flfile__test_8c-source.html" />
    <None Include="ADFOpusSrc\Doxygen\html\functions.html" />
    <None Include="ADFOpusSrc\Doxygen\html\getbits_8c.html" />
    <None Include="ADFOpusSrc\Doxygen\html\getbits_8c-source.html" />
    <None Include="ADFOpusSrc\Doxygen\html\getbits_8h.html" />
    <None Include="ADFOpusSrc\Doxygen\html\getbits_8h-source.html" />
    <None Include="ADFOpusSrc\Doxygen\html\globals.html" />
    <None Include="ADFOpusSrc\Doxygen\html\graph_legend.html" />
    <None Include="ADFOpusSrc\Doxygen\html\gzio_8c.html" />
    <None Include="ADFOpusSrc\Doxygen\html\gzio_8c-source.html" />
    <None Include="ADFOpusSrc\Doxygen\html\hardfile_8c.html" />
    <None Include="ADFOpusSrc\Doxygen\html\hardfile_8c-source.html" />
    <None Include="ADFOpusSrc\Doxygen\html\hardfile2_8c.html" />
    <None Include="ADFOpusSrc\Doxygen\html\hardfile2_8c-source.html" />
    <None Include="ADFOpusSrc\Doxygen\html\hd__blk_8h.html" />
    <None Include="ADFOpusSrc\Doxygen\html\hd__blk_8h-source.html" />
    <None Include="ADFOpusSrc\Doxygen\html\hd__test_8c.html" />
    <None Include="ADFOpusSrc\Doxygen\html\hd__test_8c-source.html" />
    <None Include="ADFOpusSrc\Doxygen\html\hd__test2_8c.html" />
    <None Include="ADFOpusSrc\Doxygen\html\hd__test2_8c-source.html" />
    <None Include="ADFOpusSrc\Doxygen\html\hd__test3_8c.html" />
    <None Include="ADFOpusSrc\Doxygen\html\hd__test3_8c-source.html" />
    <None Include="ADFOpusSrc\Doxygen\html\index.html" />
    <None Include="ADFOpusSrc\Doxygen\html\infblock_8c.html" />
    <None Include="ADFOpusSrc\Doxygen\html\infblock_8c-source.html" />
    <None Include="ADFOpusSrc\Doxygen\html\infblock_8h.html" />
    <None Include="ADFOpusSrc\Doxygen\html\infblock_8h-source.html" />
    <None Include="ADFOpusSrc\Doxygen\html\infcodes_8c.html" />
    <None Include="ADFOpusSrc\Doxygen\html\infcodes_8c-source.html" />
    <None Include="ADFOpusSrc\Doxygen\html\infcodes_8h.html" />
    <None Include="ADFOpusSrc\Doxygen\html\infcodes_8h-source.html" />
    <None Include="ADFOpusSrc\Doxygen\html\inffast_8c.html" />
    <None Include="ADFOpusSrc\Doxygen\html\inffast_8c-source.html" />
    <None Include="ADFOpusSrc\Doxygen\html\inffast_8h.html" />
    <None Include="ADFOpusSrc\Doxygen\html\inffast_8h-source.html" />
    <None Include="ADFOpusSrc\Doxygen\html\inffixed_8h.html" />
    <None Include="ADFOpusSrc\Doxygen\html\inffixed_8h-source.html" />
    <None Include="ADFOpusSrc\Doxygen\html\inflate_8c.html" />
    <None Include="ADFOpusSrc\Doxygen\html\inflate_8c-source.html" />
    <None Include="ADFOpusSrc\Doxygen\html\inftrees_8c.html" />
    <None Include="ADFOpusSrc\Doxygen\html\inftrees_8c-source.html" />
    <None Include="ADFOpusSrc\Doxygen\html\inftrees_8h.html" />
    <None Include="ADFOpusSrc\Doxygen\html\inftrees_8h-source.html" />
    <None Include="ADFOpusSrc\Doxygen\html\infutil_8c.html" />
    <None Include="ADFOpusSrc\Doxygen\html\infutil_8c-source.html" />
    <None Include="ADFOpusSrc\Doxygen\html\infutil_8h.html" />
    <None Include="ADFOpusSrc\Doxygen\html\infutil_8h-source.html" />
    <None Include="ADFOpusSrc\Doxygen\html\maketbl_8c.html" />
    <None Include="ADFOpusSrc\Doxygen\html\maketbl_8c-source.html" />
    <None Include="ADFOpusSrc\Doxygen\html\maketbl_8h.html" />
    <None Include="ADFOpusSrc\Doxygen\html\maketbl_8h-source.html" />
    <None Include="ADFOpusSrc\Doxygen\html\maketree_8c.html" />
    <None Include="ADFOpusSrc\Doxygen\html\maketree_8c-source.html" />
    <None Include="ADFOpusSrc\Doxygen\html\nt4__dev_8c.html" />
    <None Include="ADFOpusSrc\Doxygen\html\nt4__dev_8c-source.html" />
    <None Include="ADFOpusSrc\Doxygen\html\nt4__dev_8h.html" />
    <None Include="ADFOpusSrc\Doxygen\html\nt4__dev_8h-source.html" />
    <None Include="ADFOpusSrc\Doxygen\html\prefix_8h.html" />
    <None Include="ADFOpusSrc\Doxygen\html\prefix_8h-source.html" />
    <None Include="ADFOpusSrc\Doxygen\html\progbar_8c.html" />
    <None Include="ADFOpusSrc\Doxygen\html\progbar_8c-source.html" />
    <None Include="ADFOpusSrc\Doxygen\html\readonly_8c.html" />
    <None Include="ADFOpusSrc\Doxygen\html\readonly_8c-source.html" />
    <None Include="ADFOpusSrc\Doxygen\html\rename_8c.html" />
    <None Include="ADFOpusSrc\Doxygen\html\rename_8c-source.html" />
    <None Include="ADFOpusSrc\Doxygen\html\rename2_8c.html" />
    <None Include="ADFOpusSrc\Doxygen\html\rename2_8c-source.html" />
    <None Include="ADFOpusSrc\Doxygen\html\resource_8h.html" />
    <None Include="ADFOpusSrc\Doxygen\html\resource_8h-source.html" />
    <None Include="ADFOpusSrc\Doxygen\html\struct___c_h_i_l_d_i_n_f_o.html" />
    <None Include="ADFOpusSrc\Doxygen\html\struct___d_i_r_e_n_t_r_y.html" />
    <None Include="ADFOpusSrc\Doxygen\html\struct___f_r_a_m_e_i_n_f_o.html" />
    <None Include="ADFOpusSrc\Doxygen\html\struct__about_info.html" />
    <None Include="ADFOpusSrc\Doxygen\html\struct_cache_entry.html" />
    <None Include="ADFOpusSrc\Doxygen\html\struct_date_time.html" />
    <None Include="ADFOpusSrc\Doxygen\html\struct_device.html" />
    <None Include="ADFOpusSrc\Doxygen\html\struct_entry.html" />
    <None Include="ADFOpusSrc\Doxygen\html\struct_env.html" />
    <None Include="ADFOpusSrc\Doxygen\html\struct_file.html" />
    <None Include="ADFOpusSrc\Doxygen\html\struct_file_blocks.html" />
    <None Include="ADFOpusSrc\Doxygen\html\struct_gen_block.html" />
    <None Include="ADFOpusSrc\Doxygen\html\struct_list.html" />
    <None Include="ADFOpusSrc\Doxygen\html\struct_o_p_t_i_o_n_s.html" />
    <None Include="ADFOpusSrc\Doxygen\html\struct_partition.html" />
    <None Include="ADFOpusSrc\Doxygen\html\struct_volume.html" />
    <None Include="ADFOpusSrc\Doxygen\html\structb_b_a_d_bblock.html" />
    <None Include="ADFOpusSrc\Doxygen\html\structb_b_a_d_bentry.html" />
    <None Include="ADFOpusSrc\Doxygen\html\structb_bitmap_block.html" />
    <None Include="ADFOpusSrc\Doxygen\html\structb_bitmap_ext_block.html" />
    <None Include="ADFOpusSrc\Doxygen\html\structb_boot_block.html" />
    <None Include="ADFOpusSrc\Doxygen\html\structb_dir_block.html" />
    <None Include="ADFOpusSrc\Doxygen\html\structb_dir_cache_block.html" />
    <None Include="ADFOpusSrc\Doxygen\html\structb_entry_block.html" />
    <None Include="ADFOpusSrc\Doxygen\html\structb_f_s_h_dblock.html" />
    <None Include="ADFOpusSrc\Doxygen\html\structb_file_ext_block.html" />
    <None Include="ADFOpusSrc\Doxygen\html\structb_file_header_block.html" />
    <None Include="ADFOpusSrc\Doxygen\html\structb_l_s_e_gblock.html" />
    <None Include="ADFOpusSrc\Doxygen\html\structb_link_block.html" />
    <None Include="ADFOpusSrc\Doxygen\html\structb_o_f_s_data_block.html" />
    <None Include="ADFOpusSrc\Doxygen\html\structb_p_a_r_tblock.html" />
    <None Include="ADFOpusSrc\Doxygen\html\structb_r_d_s_kblock.html" />
    <None Include="ADFOpusSrc\Doxygen\html\structb_root_block.html" />
    <None Include="ADFOpusSrc\Doxygen\html\structconfig__s.html" />
    <None Include="ADFOpusSrc\Doxygen\html\structct__data__s.html" />
    <None Include="ADFOpusSrc\Doxygen\html\structfdi.html" />
    <None Include="ADFOpusSrc\Doxygen\html\structgz__stream.html" />
    <None Include="ADFOpusSrc\Doxygen\html\structinflate__blocks__state.html" />
    <None Include="ADFOpusSrc\Doxygen\html\structinflate__codes__state.html" />
    <None Include="ADFOpusSrc\Doxygen\html\structinflate__huft__s.html" />
    <None Include="ADFOpusSrc\Doxygen\html\structinternal__state.html" />
    <None Include="ADFOpusSrc\Doxygen\html\structnative_device.html" />
    <None Include="ADFOpusSrc\Doxygen\html\structnative_functions.html" />
    <None Include="ADFOpusSrc\Doxygen\html\structstatic__tree__desc__s.html" />
    <None Include="ADFOpusSrc\Doxygen\html\structtree__desc__s.html" />
    <None Include="ADFOpusSrc\Doxygen\html\structz__stream__s.html" />
    <None Include="ADFOpusSrc\Doxygen\html\tables_8c.html" />
    <None Include="ADFOpusSrc\Doxygen\html\tables_8c-source.html" />
    <None Include="ADFOpusSrc\Doxygen\html\tables_8h.html" />
    <None Include="ADFOpusSrc\Doxygen\html\tables_8h-source.html" />
    <None Include="ADFOpusSrc\Doxygen\html\trees_8c.html" />
    <None Include="ADFOpusSrc\Doxygen\html\trees_8c-source.html" />
    <None Include="ADFOpusSrc\Doxygen\html\trees_8h.html" />
    <None Include="ADFOpusSrc\Doxygen\html\trees_8h-source.html" />
    <None Include="ADFOpusSrc\Doxygen\html\types_8h.html" />
    <None Include="ADFOpusSrc\Doxygen\html\types_8h-source.html" />
    <None Include="ADFOpusSrc\Doxygen\html\u__deep_8c.html" />
    <None Include="ADFOpusSrc\Doxygen\html\u__deep_8c-source.html" />
    <None Include="ADFOpusSrc\Doxygen\html\u__deep_8h.html" />
    <None Include="ADFOpusSrc\Doxygen\html\u__deep_8h-source.html" />
    <None Include="ADFOpusSrc\Doxygen\html\u__heavy_8c.html" />
    <None Include="ADFOpusSrc\Doxygen\html\u__heavy_8c-source.html" />
    <None Include="ADFOpusSrc\Doxygen\html\u__heavy_8h.html" />
    <None Include="ADFOpusSrc\Doxygen\html\u__heavy_8h-source.html" />
    <None Include="ADFOpusSrc\Doxygen\html\u__init_8c.html" />
    <None Include="ADFOpusSrc\Doxygen\html\u__init_8c-source.html" />
    <None Include="ADFOpusSrc\Doxygen\html\u__init_8h.html" />
    <None Include="ADFOpusSrc\Doxygen\html\u__init_8h-source.html" />
    <None Include="ADFOpusSrc\Doxygen\html\u__medium_8c.html" />
    <None Include="ADFOpusSrc\Doxygen\html\u__medium_8c-source.html" />
    <None Include="ADFOpusSrc\Doxygen\html\u__medium_8h.html" />
    <None Include="ADFOpusSrc\Doxygen\html\u__medium_8h-source.html" />
    <None Include="ADFOpusSrc\Doxygen\html\u__quick_8c.html" />
    <None Include="ADFOpusSrc\Doxygen\html\u__quick_8c-source.html" />
    <None Include="ADFOpusSrc\Doxygen\html\u__quick_8h.html" />
    <None Include="ADFOpusSrc\Doxygen\html\u__quick_8h-source.html" />
    <None Include="ADFOpusSrc\Doxygen\html\u__rle_8c.html" />
    <None Include="ADFOpusSrc\Doxygen\html\u__rle_8c-source.html" />
    <None Include="ADFOpusSrc\Doxygen\html\u__rle_8h.html" />
    <None Include="ADFOpusSrc\Doxygen\html\u__rle_8h-source.html" />
    <None Include="ADFOpusSrc\Doxygen\html\unadf_8c.html" />
    <None Include="ADFOpusSrc\Doxygen\html\unadf_8c-source.html" />
    <None Include="ADFOpusSrc\Doxygen\html\uncompr_8c.html" />
    <None Include="ADFOpusSrc\Doxygen\html\uncompr_8c-source.html" />
    <None Include="ADFOpusSrc\Doxygen\html\undel_8c.html" />
    <None Include="ADFOpusSrc\Doxygen\html\undel_8c-source.html" />
    <None Include="ADFOpusSrc\Doxygen\html\undel2_8c.html" />
    <None Include="ADFOpusSrc\Doxygen\html\undel2_8c-source.html" />
    <None Include="ADFOpusSrc\Doxygen\html\undel3_8c.html" />
    <None Include="ADFOpusSrc\Doxygen\html\undel3_8c-source.html" />
    <None Include="ADFOpusSrc\Doxygen\html\unionu.html" />
    <None Include="ADFOpusSrc\Doxygen\html\zconf_8h.html" />
    <None Include="ADFOpusSrc\Doxygen\html\zconf_8h-source.html" />
    <None Include="ADFOpusSrc\Doxygen\html\zlib_8h.html" />
    <None Include="ADFOpusSrc\Doxygen\html\zlib_8h-source.html" />
    <None Include="ADFOpusSrc\Doxygen\html\zutil_8c.html" />
    <None Include="ADFOpusSrc\Doxygen\html\zutil_8c-source.html" />
    <None Include="ADFOpusSrc\Doxygen\html\zutil_8h.html" />
    <None Include="ADFOpusSrc\Doxygen\html\zutil_8h-source.html" />
    <None Include="ADFOpusSrc\Zlib\zlib.html" />
    <None Include="ADFOpusSrc\ADFOpus.dsp" />
    <None Include="ADFOpusSrc\ADFOpus.dsw" />
    <None Include="ADFOpusSrc\ADFOpus.opt" />
    <None Include="ADFOpusSrc\RCa27332" />
    <None Include="ADFOpusSrc\Uninstall.exe" />
  </ItemGroup>
  <ItemGroup>
    <Text Include="ADFOpusSrc\INSTALL.LOG" />
  </ItemGroup>
</Project>