<?xml version="1.0" encoding="utf-8"?>
<Project ToolsVersion="4.0" xmlns="http://schemas.microsoft.com/developer/msbuild/2003">
  <ItemGroup>
    <Filter Include="Source Files">
      <UniqueIdentifier>{4FC737F1-C7A5-4376-A066-2A32D752A2FF}</UniqueIdentifier>
      <Extensions>cpp;c;cc;cxx;c++;cppm;ixx;def;odl;idl;hpj;bat;asm;asmx</Extensions>
    </Filter>
    <Filter Include="Header Files">
      <UniqueIdentifier>{93995380-89BD-4b04-88EB-625FBE52EBFB}</UniqueIdentifier>
      <Extensions>h;hh;hpp;hxx;h++;hm;inl;inc;ipp;xsd</Extensions>
    </Filter>
    <Filter Include="Resource Files">
      <UniqueIdentifier>{67DA6AB6-F800-4c08-8B7A-83BB121AAD01}</UniqueIdentifier>
      <Extensions>rc;ico;cur;bmp;dlg;rc2;rct;bin;rgs;gif;jpg;jpeg;jpe;resx;tiff;tif;png;wav;mfcribbon-ms</Extensions>
    </Filter>
  </ItemGroup>
  <ItemGroup>
    <ClInclude Include="ADFOpusSrc\About.h">
      <Filter>Header Files</Filter>
    </ClInclude>
    <ClInclude Include="ADFOpusSrc\ADFOpus.h">
      <Filter>Header Files</Filter>
    </ClInclude>
    <ClInclude Include="ADFOpusSrc\BatchConvert.h">
      <Filter>Header Files</Filter>
    </ClInclude>
    <ClInclude Include="ADFOpusSrc\Bootblock.h">
      <Filter>Header Files</Filter>
    </ClInclude>
    <ClInclude Include="ADFOpusSrc\ChildCommon.h">
      <Filter>Header Files</Filter>
    </ClInclude>
    <ClInclude Include="ADFOpusSrc\fdi.h">
      <Filter>Header Files</Filter>
    </ClInclude>
    <ClInclude Include="ADFOpusSrc\fdi2raw.h">
      <Filter>Header Files</Filter>
    </ClInclude>
    <ClInclude Include="ADFOpusSrc\Init.h">
      <Filter>Header Files</Filter>
    </ClInclude>
    <ClInclude Include="ADFOpusSrc\Install.h">
      <Filter>Header Files</Filter>
    </ClInclude>
    <ClInclude Include="ADFOpusSrc\ListView.h">
      <Filter>Header Files</Filter>
    </ClInclude>
    <ClInclude Include="ADFOpusSrc\New.h">
      <Filter>Header Files</Filter>
    </ClInclude>
    <ClInclude Include="ADFOpusSrc\Options.h">
      <Filter>Header Files</Filter>
    </ClInclude>
    <ClInclude Include="ADFOpusSrc\Pch.h">
      <Filter>Header Files</Filter>
    </ClInclude>
    <ClInclude Include="ADFOpusSrc\Properties.h">
      <Filter>Header Files</Filter>
    </ClInclude>
    <ClInclude Include="ADFOpusSrc\resource.h">
      <Filter>Header Files</Filter>
    </ClInclude>
    <ClInclude Include="ADFOpusSrc\ShellOpen.h">
      <Filter>Header Files</Filter>
    </ClInclude>
    <ClInclude Include="ADFOpusSrc\TextViewer.h">
      <Filter>Header Files</Filter>
    </ClInclude>
    <ClInclude Include="ADFOpusSrc\types.h">
      <Filter>Header Files</Filter>
    </ClInclude>
    <ClInclude Include="ADFOpusSrc\Utils.h">
      <Filter>Header Files</Filter>
    </ClInclude>
    <ClInclude Include="ADFOpusSrc\VolInfo.h">
      <Filter>Header Files</Filter>
    </ClInclude>
    <ClInclude Include="ADFOpusSrc\VolSelect.h">
      <Filter>Header Files</Filter>
    </ClInclude>
    <ClInclude Include="ADFOpusSrc\ADFLib\Lib\adf_bitm.h">
      <Filter>Header Files</Filter>
    </ClInclude>
    <ClInclude Include="ADFOpusSrc\ADFLib\Lib\adf_blk.h">
      <Filter>Header Files</Filter>
    </ClInclude>
    <ClInclude Include="ADFOpusSrc\ADFLib\Lib\adf_cache.h">
      <Filter>Header Files</Filter>
    </ClInclude>
    <ClInclude Include="ADFOpusSrc\ADFLib\Lib\adf_defs.h">
      <Filter>Header Files</Filter>
    </ClInclude>
    <ClInclude Include="ADFOpusSrc\ADFLib\Lib\adf_dir.h">
      <Filter>Header Files</Filter>
    </ClInclude>
    <ClInclude Include="ADFOpusSrc\ADFLib\Lib\adf_disk.h">
      <Filter>Header Files</Filter>
    </ClInclude>
    <ClInclude Include="ADFOpusSrc\ADFLib\Lib\adf_dump.h">
      <Filter>Header Files</Filter>
    </ClInclude>
    <ClInclude Include="ADFOpusSrc\ADFLib\Lib\adf_env.h">
      <Filter>Header Files</Filter>
    </ClInclude>
    <ClInclude Include="ADFOpusSrc\ADFLib\Lib\adf_err.h">
      <Filter>Header Files</Filter>
    </ClInclude>
    <ClInclude Include="ADFOpusSrc\ADFLib\Lib\adf_file.h">
      <Filter>Header Files</Filter>
    </ClInclude>
    <ClInclude Include="ADFOpusSrc\ADFLib\Lib\adf_hd.h">
      <Filter>Header Files</Filter>
    </ClInclude>
    <ClInclude Include="ADFOpusSrc\ADFLib\Lib\adf_link.h">
      <Filter>Header Files</Filter>
    </ClInclude>
    <ClInclude Include="ADFOpusSrc\ADFLib\Lib\adf_raw.h">
      <Filter>Header Files</Filter>
    </ClInclude>
    <ClInclude Include="ADFOpusSrc\ADFLib\Lib\adf_salv.h">
      <Filter>Header Files</Filter>
    </ClInclude>
    <ClInclude Include="ADFOpusSrc\ADFLib\Lib\adf_str.h">
      <Filter>Header Files</Filter>
    </ClInclude>
    <ClInclude Include="ADFOpusSrc\ADFLib\Lib\adf_util.h">
      <Filter>Header Files</Filter>
    </ClInclude>
    <ClInclude Include="ADFOpusSrc\ADFLib\Lib\adflib.h">
      <Filter>Header Files</Filter>
    </ClInclude>
    <ClInclude Include="ADFOpusSrc\ADFLib\Lib\hd_blk.h">
      <Filter>Header Files</Filter>
    </ClInclude>
    <ClInclude Include="ADFOpusSrc\ADFLib\Lib\prefix.h">
      <Filter>Header Files</Filter>
    </ClInclude>
    <ClInclude Include="ADFOpusSrc\ADFLib\Lib\Win32\adf_nativ.h">
      <Filter>Header Files</Filter>
    </ClInclude>
    <ClInclude Include="ADFOpusSrc\ADFLib\Lib\Win32\defendian.h">
      <Filter>Header Files</Filter>
    </ClInclude>
    <ClInclude Include="ADFOpusSrc\ADFLib\Lib\Win32\nt4_dev.h">
      <Filter>Header Files</Filter>
    </ClInclude>
    <ClInclude Include="ADFOpusSrc\VolSelect.h">
      <Filter>Header Files</Filter>
    </ClInclude>
    <ClInclude Include="ADFOpusSrc\ADFLib\Lib\Win32\adf_nativ.h">
      <Filter>Header Files</Filter>
    </ClInclude>
    <ClInclude Include="ADFOpusSrc\ADFLib\Lib\Win32\defendian.h">
      <Filter>Header Files</Filter>
    </ClInclude>
    <ClInclude Include="ADFOpusSrc\ADFLib\Lib\Win32\nt4_dev.h">
      <Filter>Header Files</Filter>
    </ClInclude>
    <ClInclude Include="ADFOpusSrc\ADFLib\Lib\adf_bitm.h">
      <Filter>Header Files</Filter>
    </ClInclude>
    <ClInclude Include="ADFOpusSrc\ADFLib\Lib\adf_blk.h">
      <Filter>Header Files</Filter>
    </ClInclude>
    <ClInclude Include="ADFOpusSrc\ADFLib\Lib\adf_cache.h">
      <Filter>Header Files</Filter>
    </ClInclude>
    <ClInclude Include="ADFOpusSrc\ADFLib\Lib\adf_defs.h">
      <Filter>Header Files</Filter>
    </ClInclude>
    <ClInclude Include="ADFOpusSrc\ADFLib\Lib\adf_dir.h">
      <Filter>Header Files</Filter>
    </ClInclude>
    <ClInclude Include="ADFOpusSrc\ADFLib\Lib\adf_disk.h">
      <Filter>Header Files</Filter>
    </ClInclude>
    <ClInclude Include="ADFOpusSrc\ADFLib\Lib\adf_dump.h">
      <Filter>Header Files</Filter>
    </ClInclude>
    <ClInclude Include="ADFOpusSrc\ADFLib\Lib\adf_env.h">
      <Filter>Header Files</Filter>
    </ClInclude>
    <ClInclude Include="ADFOpusSrc\ADFLib\Lib\adf_err.h">
      <Filter>Header Files</Filter>
    </ClInclude>
    <ClInclude Include="ADFOpusSrc\ADFLib\Lib\adf_file.h">
      <Filter>Header Files</Filter>
    </ClInclude>
    <ClInclude Include="ADFOpusSrc\ADFLib\Lib\adf_hd.h">
      <Filter>Header Files</Filter>
    </ClInclude>
    <ClInclude Include="ADFOpusSrc\ADFLib\Lib\adf_link.h">
      <Filter>Header Files</Filter>
    </ClInclude>
    <ClInclude Include="ADFOpusSrc\ADFLib\Lib\adf_raw.h">
      <Filter>Header Files</Filter>
    </ClInclude>
    <ClInclude Include="ADFOpusSrc\ADFLib\Lib\adf_salv.h">
      <Filter>Header Files</Filter>
    </ClInclude>
    <ClInclude Include="ADFOpusSrc\ADFLib\Lib\adf_str.h">
      <Filter>Header Files</Filter>
    </ClInclude>
    <ClInclude Include="ADFOpusSrc\ADFLib\Lib\adf_util.h">
      <Filter>Header Files</Filter>
    </ClInclude>
    <ClInclude Include="ADFOpusSrc\ADFLib\Lib\adflib.h">
      <Filter>Header Files</Filter>
    </ClInclude>
    <ClInclude Include="ADFOpusSrc\ADFLib\Lib\hd_blk.h">
      <Filter>Header Files</Filter>
    </ClInclude>
    <ClInclude Include="ADFOpusSrc\ADFLib\Lib\prefix.h">
      <Filter>Header Files</Filter>
    </ClInclude>
    <ClInclude Include="ADFOpusSrc\About.h">
      <Filter>Header Files</Filter>
    </ClInclude>
    <ClInclude Include="ADFOpusSrc\ADFOpus.h">
      <Filter>Header Files</Filter>
    </ClInclude>
    <ClInclude Include="ADFOpusSrc\BatchConvert.h">
      <Filter>Header Files</Filter>
    </ClInclude>
    <ClInclude Include="ADFOpusSrc\Bootblock.h">
      <Filter>Header Files</Filter>
    </ClInclude>
    <ClInclude Include="ADFOpusSrc\ChildCommon.h">
      <Filter>Header Files</Filter>
    </ClInclude>
    <ClInclude Include="ADFOpusSrc\fdi.h">
      <Filter>Header Files</Filter>
    </ClInclude>
    <ClInclude Include="ADFOpusSrc\fdi2raw.h">
      <Filter>Header Files</Filter>
    </ClInclude>
    <ClInclude Include="ADFOpusSrc\Init.h">
      <Filter>Header Files</Filter>
    </ClInclude>
    <ClInclude Include="ADFOpusSrc\Install.h">
      <Filter>Header Files</Filter>
    </ClInclude>
    <ClInclude Include="ADFOpusSrc\ListView.h">
      <Filter>Header Files</Filter>
    </ClInclude>
    <ClInclude Include="ADFOpusSrc\New.h">
      <Filter>Header Files</Filter>
    </ClInclude>
    <ClInclude Include="ADFOpusSrc\Options.h">
      <Filter>Header Files</Filter>
    </ClInclude>
    <ClInclude Include="ADFOpusSrc\Pch.h">
      <Filter>Header Files</Filter>
    </ClInclude>
    <ClInclude Include="ADFOpusSrc\Properties.h">
      <Filter>Header Files</Filter>
    </ClInclude>
    <ClInclude Include="ADFOpusSrc\resource.h">
      <Filter>Header Files</Filter>
    </ClInclude>
    <ClInclude Include="ADFOpusSrc\ShellOpen.h">
      <Filter>Header Files</Filter>
    </ClInclude>
    <ClInclude Include="ADFOpusSrc\TextViewer.h">
      <Filter>Header Files</Filter>
    </ClInclude>
    <ClInclude Include="ADFOpusSrc\types.h">
      <Filter>Header Files</Filter>
    </ClInclude>
    <ClInclude Include="ADFOpusSrc\Utils.h">
      <Filter>Header Files</Filter>
    </ClInclude>
    <ClInclude Include="ADFOpusSrc\VolInfo.h">
      <Filter>Header Files</Filter>
    </ClInclude>
    <ClInclude Include="ADFOpusSrc\MenuIcons.h">
      <Filter>Header Files</Filter>
    </ClInclude>
    <ClInclude Include="ADFOpusSrc\HexViewer.h">
      <Filter>Header Files</Filter>
    </ClInclude>
  </ItemGroup>
  <ItemGroup>
    <ClCompile Include="ADFOpusSrc\About.c">
      <Filter>Source Files</Filter>
    </ClCompile>
    <ClCompile Include="ADFOpusSrc\ADFOpus.c">
      <Filter>Source Files</Filter>
    </ClCompile>
    <ClCompile Include="ADFOpusSrc\BatchConvert.c">
      <Filter>Source Files</Filter>
    </ClCompile>
    <ClCompile Include="ADFOpusSrc\Bootblock.c">
      <Filter>Source Files</Filter>
    </ClCompile>
    <ClCompile Include="ADFOpusSrc\ChildCommon.c">
      <Filter>Source Files</Filter>
    </ClCompile>
    <ClCompile Include="ADFOpusSrc\fdi.c">
      <Filter>Source Files</Filter>
    </ClCompile>
    <ClCompile Include="ADFOpusSrc\fdi2raw.c">
      <Filter>Source Files</Filter>
    </ClCompile>
    <ClCompile Include="ADFOpusSrc\Init.c">
      <Filter>Source Files</Filter>
    </ClCompile>
    <ClCompile Include="ADFOpusSrc\Install.c">
      <Filter>Source Files</Filter>
    </ClCompile>
    <ClCompile Include="ADFOpusSrc\ListView.c">
      <Filter>Source Files</Filter>
    </ClCompile>
    <ClCompile Include="ADFOpusSrc\New.c">
      <Filter>Source Files</Filter>
    </ClCompile>
    <ClCompile Include="ADFOpusSrc\Options.c">
      <Filter>Source Files</Filter>
    </ClCompile>
    <ClCompile Include="ADFOpusSrc\Pch.c">
      <Filter>Source Files</Filter>
    </ClCompile>
    <ClCompile Include="ADFOpusSrc\Properties.c">
      <Filter>Source Files</Filter>
    </ClCompile>
    <ClCompile Include="ADFOpusSrc\ShellOpen.c">
      <Filter>Source Files</Filter>
    </ClCompile>
    <ClCompile Include="ADFOpusSrc\TextViewer.c">
      <Filter>Source Files</Filter>
    </ClCompile>
    <ClCompile Include="ADFOpusSrc\Utils.c">
      <Filter>Source Files</Filter>
    </ClCompile>
    <ClCompile Include="ADFOpusSrc\VolInfo.c">
      <Filter>Source Files</Filter>
    </ClCompile>
    <ClCompile Include="ADFOpusSrc\VolSelect.c">
      <Filter>Source Files</Filter>
    </ClCompile>
    <ClCompile Include="ADFOpusSrc\ADFLib\Lib\adf_bitm.c">
      <Filter>Source Files</Filter>
    </ClCompile>
    <ClCompile Include="ADFOpusSrc\ADFLib\Lib\adf_cache.c">
      <Filter>Source Files</Filter>
    </ClCompile>
    <ClCompile Include="ADFOpusSrc\ADFLib\Lib\adf_dir.c">
      <Filter>Source Files</Filter>
    </ClCompile>
    <ClCompile Include="ADFOpusSrc\ADFLib\Lib\adf_disk.c">
      <Filter>Source Files</Filter>
    </ClCompile>
    <ClCompile Include="ADFOpusSrc\ADFLib\Lib\adf_dump.c">
      <Filter>Source Files</Filter>
    </ClCompile>
    <ClCompile Include="ADFOpusSrc\ADFLib\Lib\adf_env.c">
      <Filter>Source Files</Filter>
    </ClCompile>
    <ClCompile Include="ADFOpusSrc\ADFLib\Lib\adf_file.c">
      <Filter>Source Files</Filter>
    </ClCompile>
    <ClCompile Include="ADFOpusSrc\ADFLib\Lib\adf_hd.c">
      <Filter>Source Files</Filter>
    </ClCompile>
    <ClCompile Include="ADFOpusSrc\ADFLib\Lib\adf_link.c">
      <Filter>Source Files</Filter>
    </ClCompile>
    <ClCompile Include="ADFOpusSrc\ADFLib\Lib\adf_raw.c">
      <Filter>Source Files</Filter>
    </ClCompile>
    <ClCompile Include="ADFOpusSrc\ADFLib\Lib\adf_salv.c">
      <Filter>Source Files</Filter>
    </ClCompile>
    <ClCompile Include="ADFOpusSrc\ADFLib\Lib\adf_util.c">
      <Filter>Source Files</Filter>
    </ClCompile>
    <ClCompile Include="ADFOpusSrc\ADFLib\Lib\Win32\adf_nativ.c">
      <Filter>Source Files</Filter>
    </ClCompile>
    <ClCompile Include="ADFOpusSrc\ADFLib\Lib\Win32\adfvolinfo.c">
      <Filter>Source Files</Filter>
    </ClCompile>
    <ClCompile Include="ADFOpusSrc\ADFLib\Lib\Win32\nt4_dev.c">
      <Filter>Source Files</Filter>
    </ClCompile>
    <ClCompile Include="ADFOpusSrc\Zlib\adler32.c">
      <Filter>Source Files</Filter>
    </ClCompile>
    <ClCompile Include="ADFOpusSrc\Zlib\compress.c">
      <Filter>Source Files</Filter>
    </ClCompile>
    <ClCompile Include="ADFOpusSrc\Zlib\crc32.c">
      <Filter>Source Files</Filter>
    </ClCompile>
    <ClCompile Include="ADFOpusSrc\Zlib\deflate.c">
      <Filter>Source Files</Filter>
    </ClCompile>
    <ClCompile Include="ADFOpusSrc\Zlib\gzio.c">
      <Filter>Source Files</Filter>
    </ClCompile>
    <ClCompile Include="ADFOpusSrc\Zlib\infblock.c">
      <Filter>Source Files</Filter>
    </ClCompile>
    <ClCompile Include="ADFOpusSrc\Zlib\infcodes.c">
      <Filter>Source Files</Filter>
    </ClCompile>
    <ClCompile Include="ADFOpusSrc\Zlib\inffast.c">
      <Filter>Source Files</Filter>
    </ClCompile>
    <ClCompile Include="ADFOpusSrc\Zlib\inflate.c">
      <Filter>Source Files</Filter>
    </ClCompile>
    <ClCompile Include="ADFOpusSrc\Zlib\inftrees.c">
      <Filter>Source Files</Filter>
    </ClCompile>
    <ClCompile Include="ADFOpusSrc\Zlib\infutil.c">
      <Filter>Source Files</Filter>
    </ClCompile>
    <ClCompile Include="ADFOpusSrc\Zlib\trees.c">
      <Filter>Source Files</Filter>
    </ClCompile>
    <ClCompile Include="ADFOpusSrc\Zlib\uncompr.c">
      <Filter>Source Files</Filter>
    </ClCompile>
    <ClCompile Include="ADFOpusSrc\Zlib\zutil.c">
      <Filter>Source Files</Filter>
    </ClCompile>
    <ClCompile Include="ADFOpusSrc\xdms\crc_csum.c">
      <Filter>Source Files</Filter>
    </ClCompile>
    <ClCompile Include="ADFOpusSrc\xdms\getbits.c">
      <Filter>Source Files</Filter>
    </ClCompile>
    <ClCompile Include="ADFOpusSrc\xdms\maketbl.c">
      <Filter>Source Files</Filter>
    </ClCompile>
    <ClCompile Include="ADFOpusSrc\xdms\Pfile.c">
      <Filter>Source Files</Filter>
    </ClCompile>
    <ClCompile Include="ADFOpusSrc\xdms\tables.c">
      <Filter>Source Files</Filter>
    </ClCompile>
    <ClCompile Include="ADFOpusSrc\xdms\u_deep.c">
      <Filter>Source Files</Filter>
    </ClCompile>
    <ClCompile Include="ADFOpusSrc\xdms\u_heavy.c">
      <Filter>Source Files</Filter>
    </ClCompile>
    <ClCompile Include="ADFOpusSrc\xdms\u_init.c">
      <Filter>Source Files</Filter>
    </ClCompile>
    <ClCompile Include="ADFOpusSrc\xdms\u_medium.c">
      <Filter>Source Files</Filter>
    </ClCompile>
    <ClCompile Include="ADFOpusSrc\xdms\u_quick.c">
      <Filter>Source Files</Filter>
    </ClCompile>
    <ClCompile Include="ADFOpusSrc\xdms\u_rle.c">
      <Filter>Source Files</Filter>
    </ClCompile>
    <ClCompile Include="ADFOpusSrc\xdms\Xdms.c">
      <Filter>Source Files</Filter>
    </ClCompile>
    <ClCompile Include="ADFOpusSrc\ADFLib\Lib\Win32\adf_nativ.c">
      <Filter>Source Files</Filter>
    </ClCompile>
    <ClCompile Include="ADFOpusSrc\ADFLib\Lib\Win32\adfvolinfo.c">
      <Filter>Source Files</Filter>
    </ClCompile>
    <ClCompile Include="ADFOpusSrc\ADFLib\Lib\Win32\nt4_dev.c">
      <Filter>Source Files</Filter>
    </ClCompile>
    <ClCompile Include="ADFOpusSrc\ADFLib\Lib\adf_bitm.c">
      <Filter>Source Files</Filter>
    </ClCompile>
    <ClCompile Include="ADFOpusSrc\ADFLib\Lib\adf_cache.c">
      <Filter>Source Files</Filter>
    </ClCompile>
    <ClCompile Include="ADFOpusSrc\ADFLib\Lib\adf_dir.c">
      <Filter>Source Files</Filter>
    </ClCompile>
    <ClCompile Include="ADFOpusSrc\ADFLib\Lib\adf_disk.c">
      <Filter>Source Files</Filter>
    </ClCompile>
    <ClCompile Include="ADFOpusSrc\ADFLib\Lib\adf_dump.c">
      <Filter>Source Files</Filter>
    </ClCompile>
    <ClCompile Include="ADFOpusSrc\ADFLib\Lib\adf_env.c">
      <Filter>Source Files</Filter>
    </ClCompile>
    <ClCompile Include="ADFOpusSrc\ADFLib\Lib\adf_file.c">
      <Filter>Source Files</Filter>
    </ClCompile>
    <ClCompile Include="ADFOpusSrc\ADFLib\Lib\adf_hd.c">
      <Filter>Source Files</Filter>
    </ClCompile>
    <ClCompile Include="ADFOpusSrc\ADFLib\Lib\adf_link.c">
      <Filter>Source Files</Filter>
    </ClCompile>
    <ClCompile Include="ADFOpusSrc\ADFLib\Lib\adf_raw.c">
      <Filter>Source Files</Filter>
    </ClCompile>
    <ClCompile Include="ADFOpusSrc\ADFLib\Lib\adf_salv.c">
      <Filter>Source Files</Filter>
    </ClCompile>
    <ClCompile Include="ADFOpusSrc\ADFLib\Lib\adf_util.c">
      <Filter>Source Files</Filter>
    </ClCompile>
    <ClCompile Include="ADFOpusSrc\xdms\crc_csum.c">
      <Filter>Source Files</Filter>
    </ClCompile>
    <ClCompile Include="ADFOpusSrc\xdms\getbits.c">
      <Filter>Source Files</Filter>
    </ClCompile>
    <ClCompile Include="ADFOpusSrc\xdms\maketbl.c">
      <Filter>Source Files</Filter>
    </ClCompile>
    <ClCompile Include="ADFOpusSrc\xdms\Pfile.c">
      <Filter>Source Files</Filter>
    </ClCompile>
    <ClCompile Include="ADFOpusSrc\xdms\tables.c">
      <Filter>Source Files</Filter>
    </ClCompile>
    <ClCompile Include="ADFOpusSrc\xdms\u_deep.c">
      <Filter>Source Files</Filter>
    </ClCompile>
    <ClCompile Include="ADFOpusSrc\xdms\u_heavy.c">
      <Filter>Source Files</Filter>
    </ClCompile>
    <ClCompile Include="ADFOpusSrc\xdms\u_init.c">
      <Filter>Source Files</Filter>
    </ClCompile>
    <ClCompile Include="ADFOpusSrc\xdms\u_medium.c">
      <Filter>Source Files</Filter>
    </ClCompile>
    <ClCompile Include="ADFOpusSrc\xdms\u_quick.c">
      <Filter>Source Files</Filter>
    </ClCompile>
    <ClCompile Include="ADFOpusSrc\xdms\u_rle.c">
      <Filter>Source Files</Filter>
    </ClCompile>
    <ClCompile Include="ADFOpusSrc\xdms\Xdms.c">
      <Filter>Source Files</Filter>
    </ClCompile>
    <ClCompile Include="ADFOpusSrc\Zlib\adler32.c">
      <Filter>Source Files</Filter>
    </ClCompile>
    <ClCompile Include="ADFOpusSrc\Zlib\compress.c">
      <Filter>Source Files</Filter>
    </ClCompile>
    <ClCompile Include="ADFOpusSrc\Zlib\crc32.c">
      <Filter>Source Files</Filter>
    </ClCompile>
    <ClCompile Include="ADFOpusSrc\Zlib\deflate.c">
      <Filter>Source Files</Filter>
    </ClCompile>
    <ClCompile Include="ADFOpusSrc\Zlib\gzio.c">
      <Filter>Source Files</Filter>
    </ClCompile>
    <ClCompile Include="ADFOpusSrc\Zlib\infblock.c">
      <Filter>Source Files</Filter>
    </ClCompile>
    <ClCompile Include="ADFOpusSrc\Zlib\infcodes.c">
      <Filter>Source Files</Filter>
    </ClCompile>
    <ClCompile Include="ADFOpusSrc\Zlib\inffast.c">
      <Filter>Source Files</Filter>
    </ClCompile>
    <ClCompile Include="ADFOpusSrc\Zlib\inflate.c">
      <Filter>Source Files</Filter>
    </ClCompile>
    <ClCompile Include="ADFOpusSrc\Zlib\inftrees.c">
      <Filter>Source Files</Filter>
    </ClCompile>
    <ClCompile Include="ADFOpusSrc\Zlib\infutil.c">
      <Filter>Source Files</Filter>
    </ClCompile>
    <ClCompile Include="ADFOpusSrc\Zlib\trees.c">
      <Filter>Source Files</Filter>
    </ClCompile>
    <ClCompile Include="ADFOpusSrc\Zlib\uncompr.c">
      <Filter>Source Files</Filter>
    </ClCompile>
    <ClCompile Include="ADFOpusSrc\Zlib\zutil.c">
      <Filter>Source Files</Filter>
    </ClCompile>
    <ClCompile Include="ADFOpusSrc\About.c">
      <Filter>Source Files</Filter>
    </ClCompile>
    <ClCompile Include="ADFOpusSrc\ADFOpus.c">
      <Filter>Source Files</Filter>
    </ClCompile>
    <ClCompile Include="ADFOpusSrc\BatchConvert.c">
      <Filter>Source Files</Filter>
    </ClCompile>
    <ClCompile Include="ADFOpusSrc\Bootblock.c">
      <Filter>Source Files</Filter>
    </ClCompile>
    <ClCompile Include="ADFOpusSrc\ChildCommon.c">
      <Filter>Source Files</Filter>
    </ClCompile>
    <ClCompile Include="ADFOpusSrc\fdi.c">
      <Filter>Source Files</Filter>
    </ClCompile>
    <ClCompile Include="ADFOpusSrc\fdi2raw.c">
      <Filter>Source Files</Filter>
    </ClCompile>
    <ClCompile Include="ADFOpusSrc\Init.c">
      <Filter>Source Files</Filter>
    </ClCompile>
    <ClCompile Include="ADFOpusSrc\Install.c">
      <Filter>Source Files</Filter>
    </ClCompile>
    <ClCompile Include="ADFOpusSrc\ListView.c">
      <Filter>Source Files</Filter>
    </ClCompile>
    <ClCompile Include="ADFOpusSrc\New.c">
      <Filter>Source Files</Filter>
    </ClCompile>
    <ClCompile Include="ADFOpusSrc\Options.c">
      <Filter>Source Files</Filter>
    </ClCompile>
    <ClCompile Include="ADFOpusSrc\Pch.c">
      <Filter>Source Files</Filter>
    </ClCompile>
    <ClCompile Include="ADFOpusSrc\Properties.c">
      <Filter>Source Files</Filter>
    </ClCompile>
    <ClCompile Include="ADFOpusSrc\ShellOpen.c">
      <Filter>Source Files</Filter>
    </ClCompile>
    <ClCompile Include="ADFOpusSrc\TextViewer.c">
      <Filter>Source Files</Filter>
    </ClCompile>
    <ClCompile Include="ADFOpusSrc\Utils.c">
      <Filter>Source Files</Filter>
    </ClCompile>
    <ClCompile Include="ADFOpusSrc\VolInfo.c">
      <Filter>Source Files</Filter>
    </ClCompile>
    <ClCompile Include="ADFOpusSrc\VolSelect.c">
      <Filter>Source Files</Filter>
    </ClCompile>
    <ClCompile Include="ADFOpusSrc\MenuIcons.c">
      <Filter>Source Files</Filter>
    </ClCompile>
    <ClCompile Include="ADFOpusSrc\HexViewer.c">
      <Filter>Source Files</Filter>
    </ClCompile>
  </ItemGroup>
  <ItemGroup>
    <ResourceCompile Include="ADFOpusSrc\ADFOpus.rc">
      <Filter>Resource Files</Filter>
    </ResourceCompile>
    <ResourceCompile Include="ADFOpusSrc\ADFOpus.rc">
      <Filter>Resource Files</Filter>
    </ResourceCompile>
  </ItemGroup>
  <ItemGroup>
    <Image Include="ADFOpusSrc\Images\ADFOpus.ico">
      <Filter>Resource Files</Filter>
    </Image>
    <Image Include="ADFOpusSrc\Images\WinFile.ico">
      <Filter>Resource Files</Filter>
    </Image>
    <Image Include="ADFOpusSrc\Images\AmiFile.ico">
      <Filter>Resource Files</Filter>
    </Image>
    <Image Include="ADFOpusSrc\Images\WinDir.ico">
      <Filter>Resource Files</Filter>
    </Image>
    <Image Include="ADFOpusSrc\Images\AmiDir.ico">
      <Filter>Resource Files</Filter>
    </Image>
    <Image Include="ADFOpusSrc\Images\WinLister.ico">
      <Filter>Resource Files</Filter>
    </Image>
    <Image Include="ADFOpusSrc\Images\AmiLister.ico">
      <Filter>Resource Files</Filter>
    </Image>
    <Image Include="ADFOpusSrc\Images\DriveCDROM.ico">
      <Filter>Resource Files</Filter>
    </Image>
    <Image Include="ADFOpusSrc\Images\DriveFloppy35.ico">
      <Filter>Resource Files</Filter>
    </Image>
    <Image Include="ADFOpusSrc\Images\DriveFloppy525.ico">
      <Filter>Resource Files</Filter>
    </Image>
    <Image Include="ADFOpusSrc\Images\DriveHD.ico">
      <Filter>Resource Files</Filter>
    </Image>
    <Image Include="ADFOpusSrc\Images\DriveNet.ico">
      <Filter>Resource Files</Filter>
    </Image>
    <Image Include="ADFOpusSrc\Images\adf.ico">
      <Filter>Resource Files</Filter>
    </Image>
    <Image Include="ADFOpusSrc\Images\adz.ico">
      <Filter>Resource Files</Filter>
    </Image>
    <Image Include="ADFOpusSrc\Images\dms.ico">
      <Filter>Resource Files</Filter>
    </Image>
    <Image Include="ADFOpusSrc\Images\hdf.ico">
      <Filter>Resource Files</Filter>
    </Image>
    <Image Include="ADFOpusSrc\Images\dmp.ico">
      <Filter>Resource Files</Filter>
    </Image>
    <Image Include="ADFOpusSrc\Images\Logo.bmp">
      <Filter>Resource Files</Filter>
    </Image>
    <Image Include="ADFOpusSrc\Images\Toolbar.bmp">
      <Filter>Resource Files</Filter>
    </Image>
    <Image Include="ADFOpusSrc\Images\toolbar_large.bmp">
      <Filter>Resource Files</Filter>
    </Image>
    <Image Include="ADFOpusSrc\images\new.bmp">
      <Filter>Resource Files</Filter>
    </Image>
    <Image Include="ADFOpusSrc\images\open.bmp">
      <Filter>Resource Files</Filter>
    </Image>
    <Image Include="ADFOpusSrc\images\close.bmp">
      <Filter>Resource Files</Filter>
    </Image>
    <Image Include="ADFOpusSrc\images\rename.bmp">
      <Filter>Resource Files</Filter>
    </Image>
    <Image Include="ADFOpusSrc\images\delete.bmp">
      <Filter>Resource Files</Filter>
    </Image>
    <Image Include="ADFOpusSrc\images\createdir.bmp">
      <Filter>Resource Files</Filter>
    </Image>
    <Image Include="ADFOpusSrc\images\uponelev.bmp">
      <Filter>Resource Files</Filter>
    </Image>
    <Image Include="ADFOpusSrc\images\info.bmp">
      <Filter>Resource Files</Filter>
    </Image>
    <Image Include="ADFOpusSrc\images\properti.bmp">
      <Filter>Resource Files</Filter>
    </Image>
    <Image Include="ADFOpusSrc\images\options.bmp">
      <Filter>Resource Files</Filter>
    </Image>
    <Image Include="ADFOpusSrc\images\batch.bmp">
      <Filter>Resource Files</Filter>
    </Image>
    <Image Include="ADFOpusSrc\images\disk2fdi.bmp">
      <Filter>Resource Files</Filter>
    </Image>
    <Image Include="ADFOpusSrc\images\install.bmp">
      <Filter>Resource Files</Filter>
    </Image>
    <Image Include="ADFOpusSrc\images\display.bmp">
      <Filter>Resource Files</Filter>
    </Image>
    <Image Include="ADFOpusSrc\images\tilehor.bmp">
      <Filter>Resource Files</Filter>
    </Image>
    <Image Include="ADFOpusSrc\images\tilever.bmp">
      <Filter>Resource Files</Filter>
    </Image>
    <Image Include="ADFOpusSrc\images\cascade.bmp">
      <Filter>Resource Files</Filter>
    </Image>
    <Image Include="ADFOpusSrc\images\help.bmp">
      <Filter>Resource Files</Filter>
    </Image>
    <Image Include="ADFOpusSrc\images\about.bmp">
      <Filter>Resource Files</Filter>
    </Image>
    <Image Include="ADFOpusSrc\images\undelete.bmp">
      <Filter>Resource Files</Filter>
    </Image>
    <Image Include="ADFOpusSrc\images\showundel.bmp">
      <Filter>Resource Files</Filter>
    </Image>
    <Image Include="ADFOpusSrc\images\textviewer.bmp">
      <Filter>Resource Files</Filter>
    </Image>
    <Image Include="ADFOpusSrc\images\toolbar_truecolor.bmp">
      <Filter>Resource Files</Filter>
    </Image>
    <Image Include="ADFOpusSrc\images\closeallwindows.bmp">
      <Filter>Resource Files</Filter>
    </Image>
    <Image Include="ADFOpusSrc\images\refresh.bmp">
      <Filter>Resource Files</Filter>
    </Image>
    <Image Include="ADFOpusSrc\images\selectall.bmp">
      <Filter>Resource Files</Filter>
    </Image>
    <Image Include="ADFOpusSrc\images\selectnone.bmp">
      <Filter>Resource Files</Filter>
    </Image>
    <Image Include="ADFOpusSrc\images\selectinvert.bmp">
      <Filter>Resource Files</Filter>
    </Image>
    <Image Include="ADFOpusSrc\images\bitmap1.bmp">
      <Filter>Resource Files</Filter>
    </Image>
    <Image Include="ADFOpusSrc\images\bitmap2.bmp">
      <Filter>Resource Files</Filter>
    </Image>
    <Image Include="ADFOpusSrc\images\bitmap3.bmp">
      <Filter>Resource Files</Filter>
    </Image>
    <Image Include="ADFOpusSrc\images\bitmap4.bmp">
      <Filter>Resource Files</Filter>
    </Image>
    <Image Include="ADFOpusSrc\images\newlister.bmp">
      <Filter>Resource Files</Filter>
    </Image>
    <Image Include="ADFOpusSrc\images\exit.bmp">
      <Filter>Resource Files</Filter>
    </Image>
    <Image Include="ADFOpusSrc\images\hexviewer.bmp">
      <Filter>Resource Files</Filter>
    </Image>
    <Image Include="ADFOpusSrc\images\greaseweazle.bmp">
      <Filter>Resource Files</Filter>
    </Image>
    <Image Include="ADFOpusSrc\images\greaseweazlewrite.bmp">
      <Filter>Resource Files</Filter>
    </Image>
    <Image Include="ADFOpusSrc\images\bootblockinstall.bmp">
      <Filter>Resource Files</Filter>
    </Image>
    <Image Include="ADFOpusSrc\images\bootblockrawwrite.bmp">
      <Filter>Resource Files</Filter>
    </Image>
    <Image Include="ADFOpusSrc\Images\new_about_graphic.bmp">
      <Filter>Resource Files</Filter>
    </Image>
    <Image Include="ADFOpusSrc\images\readme.bmp">
      <Filter>Resource Files</Filter>
    </Image>
    <Image Include="ADFOpusSrc\images\new.ico">
      <Filter>Resource Files</Filter>
    </Image>
    <Image Include="ADFOpusSrc\images\newlister.ico">
      <Filter>Resource Files</Filter>
    </Image>
    <Image Include="ADFOpusSrc\images\open.ico">
      <Filter>Resource Files</Filter>
    </Image>
    <Image Include="ADFOpusSrc\images\close.ico">
      <Filter>Resource Files</Filter>
    </Image>
    <Image Include="ADFOpusSrc\images\exit.ico">
      <Filter>Resource Files</Filter>
    </Image>
    <Image Include="ADFOpusSrc\images\rename.ico">
      <Filter>Resource Files</Filter>
    </Image>
    <Image Include="ADFOpusSrc\images\delete.ico">
      <Filter>Resource Files</Filter>
    </Image>
    <Image Include="ADFOpusSrc\images\createdir.ico">
      <Filter>Resource Files</Filter>
    </Image>
    <Image Include="ADFOpusSrc\images\uponelev.ico">
      <Filter>Resource Files</Filter>
    </Image>
    <Image Include="ADFOpusSrc\images\info.ico">
      <Filter>Resource Files</Filter>
    </Image>
    <Image Include="ADFOpusSrc\images\properti.ico">
      <Filter>Resource Files</Filter>
    </Image>
    <Image Include="ADFOpusSrc\images\options.ico">
      <Filter>Resource Files</Filter>
    </Image>
    <Image Include="ADFOpusSrc\images\batch.ico">
      <Filter>Resource Files</Filter>
    </Image>
    <Image Include="ADFOpusSrc\images\greaseweazle.ico">
      <Filter>Resource Files</Filter>
    </Image>
    <Image Include="ADFOpusSrc\images\greaseweazlewrite.ico">
      <Filter>Resource Files</Filter>
    </Image>
    <Image Include="ADFOpusSrc\images\bootblockinstall.ico">
      <Filter>Resource Files</Filter>
    </Image>
    <Image Include="ADFOpusSrc\images\bootblockrawwrite.ico">
      <Filter>Resource Files</Filter>
    </Image>
    <Image Include="ADFOpusSrc\images\display.ico">
      <Filter>Resource Files</Filter>
    </Image>
    <Image Include="ADFOpusSrc\images\tilehor.ico">
      <Filter>Resource Files</Filter>
    </Image>
    <Image Include="ADFOpusSrc\images\tilever.ico">
      <Filter>Resource Files</Filter>
    </Image>
    <Image Include="ADFOpusSrc\images\cascade.ico">
      <Filter>Resource Files</Filter>
    </Image>
    <Image Include="ADFOpusSrc\images\closeallwindows.ico">
      <Filter>Resource Files</Filter>
    </Image>
    <Image Include="ADFOpusSrc\images\help.ico">
      <Filter>Resource Files</Filter>
    </Image>
    <Image Include="ADFOpusSrc\images\about.ico">
      <Filter>Resource Files</Filter>
    </Image>
    <Image Include="ADFOpusSrc\images\undelete.ico">
      <Filter>Resource Files</Filter>
    </Image>
    <Image Include="ADFOpusSrc\images\showundel.ico">
      <Filter>Resource Files</Filter>
    </Image>
    <Image Include="ADFOpusSrc\images\refresh.ico">
      <Filter>Resource Files</Filter>
    </Image>
    <Image Include="ADFOpusSrc\images\textviewer.ico">
      <Filter>Resource Files</Filter>
    </Image>
    <Image Include="ADFOpusSrc\images\hexviewer.ico">
      <Filter>Resource Files</Filter>
    </Image>
    <Image Include="ADFOpusSrc\images\selectall.ico">
      <Filter>Resource Files</Filter>
    </Image>
    <Image Include="ADFOpusSrc\images\selectnone.ico">
      <Filter>Resource Files</Filter>
    </Image>
    <Image Include="ADFOpusSrc\images\selectinvert.ico">
      <Filter>Resource Files</Filter>
    </Image>
    <Image Include="ADFOpusSrc\images\readme.ico">
      <Filter>Resource Files</Filter>
    </Image>
  </ItemGroup>
  <ItemGroup>
    <None Include="ADFOpusSrc\images\ArrowCop.cur">
      <Filter>Resource Files</Filter>
    </None>
  </ItemGroup>
</Project>